// !$*UTF8*$!
{
	archiveVersion = 1;
	classes = {
	};
	objectVersion = 46;
	objects = {

/* Begin PBXBuildFile section */
		271F26491A9BCA730003DE4E /* main.m in Sources */ = {isa = PBXBuildFile; fileRef = 271F26481A9BCA730003DE4E /* main.m */; };
		271F264C1A9BCA730003DE4E /* AppDelegate.m in Sources */ = {isa = PBXBuildFile; fileRef = 271F264B1A9BCA730003DE4E /* AppDelegate.m */; };
		271F264F1A9BCA730003DE4E /* ViewController.m in Sources */ = {isa = PBXBuildFile; fileRef = 271F264E1A9BCA730003DE4E /* ViewController.m */; };
		271F26521A9BCA730003DE4E /* Main.storyboard in Resources */ = {isa = PBXBuildFile; fileRef = 271F26501A9BCA730003DE4E /* Main.storyboard */; };
		271F26541A9BCA730003DE4E /* Images.xcassets in Resources */ = {isa = PBXBuildFile; fileRef = 271F26531A9BCA730003DE4E /* Images.xcassets */; };
		271F26571A9BCA730003DE4E /* LaunchScreen.xib in Resources */ = {isa = PBXBuildFile; fileRef = 271F26551A9BCA730003DE4E /* LaunchScreen.xib */; };
		271F26631A9BCA730003DE4E /* StoryBoardWelcome_Tests.m in Sources */ = {isa = PBXBuildFile; fileRef = 271F26621A9BCA730003DE4E /* StoryBoardWelcome_Tests.m */; };
		271F266E1A9BCA9A0003DE4E /* DetailViewController.m in Sources */ = {isa = PBXBuildFile; fileRef = 271F266D1A9BCA9A0003DE4E /* DetailViewController.m */; };
/* End PBXBuildFile section */

/* Begin PBXContainerItemProxy section */
		271F265D1A9BCA730003DE4E /* PBXContainerItemProxy */ = {
			isa = PBXContainerItemProxy;
			containerPortal = 271F263B1A9BCA730003DE4E /* Project object */;
			proxyType = 1;
			remoteGlobalIDString = 271F26421A9BCA730003DE4E;
			remoteInfo = "StoryBoardWelcome!";
		};
/* End PBXContainerItemProxy section */

/* Begin PBXFileReference section */
		271F26431A9BCA730003DE4E /* StoryBoardWelcome!.app */ = {isa = PBXFileReference; explicitFileType = wrapper.application; includeInIndex = 0; path = "StoryBoardWelcome!.app"; sourceTree = BUILT_PRODUCTS_DIR; };
		271F26471A9BCA730003DE4E /* Info.plist */ = {isa = PBXFileReference; lastKnownFileType = text.plist.xml; path = Info.plist; sourceTree = "<group>"; };
		271F26481A9BCA730003DE4E /* main.m */ = {isa = PBXFileReference; lastKnownFileType = sourcecode.c.objc; path = main.m; sourceTree = "<group>"; };
		271F264A1A9BCA730003DE4E /* AppDelegate.h */ = {isa = PBXFileReference; lastKnownFileType = sourcecode.c.h; path = AppDelegate.h; sourceTree = "<group>"; };
		271F264B1A9BCA730003DE4E /* AppDelegate.m */ = {isa = PBXFileReference; lastKnownFileType = sourcecode.c.objc; path = AppDelegate.m; sourceTree = "<group>"; };
		271F264D1A9BCA730003DE4E /* ViewController.h */ = {isa = PBXFileReference; lastKnownFileType = sourcecode.c.h; path = ViewController.h; sourceTree = "<group>"; };
		271F264E1A9BCA730003DE4E /* ViewController.m */ = {isa = PBXFileReference; lastKnownFileType = sourcecode.c.objc; path = ViewController.m; sourceTree = "<group>"; };
		271F26511A9BCA730003DE4E /* Base */ = {isa = PBXFileReference; lastKnownFileType = file.storyboard; name = Base; path = Base.lproj/Main.storyboard; sourceTree = "<group>"; };
		271F26531A9BCA730003DE4E /* Images.xcassets */ = {isa = PBXFileReference; lastKnownFileType = folder.assetcatalog; path = Images.xcassets; sourceTree = "<group>"; };
		271F26561A9BCA730003DE4E /* Base */ = {isa = PBXFileReference; lastKnownFileType = file.xib; name = Base; path = Base.lproj/LaunchScreen.xib; sourceTree = "<group>"; };
		271F265C1A9BCA730003DE4E /* StoryBoardWelcome!Tests.xctest */ = {isa = PBXFileReference; explicitFileType = wrapper.cfbundle; includeInIndex = 0; path = "StoryBoardWelcome!Tests.xctest"; sourceTree = BUILT_PRODUCTS_DIR; };
		271F26611A9BCA730003DE4E /* Info.plist */ = {isa = PBXFileReference; lastKnownFileType = text.plist.xml; path = Info.plist; sourceTree = "<group>"; };
		271F26621A9BCA730003DE4E /* StoryBoardWelcome_Tests.m */ = {isa = PBXFileReference; lastKnownFileType = sourcecode.c.objc; path = StoryBoardWelcome_Tests.m; sourceTree = "<group>"; };
		271F266C1A9BCA9A0003DE4E /* DetailViewController.h */ = {isa = PBXFileReference; fileEncoding = 4; lastKnownFileType = sourcecode.c.h; name = DetailViewController.h; path = ../DetailViewController.h; sourceTree = "<group>"; };
		271F266D1A9BCA9A0003DE4E /* DetailViewController.m */ = {isa = PBXFileReference; fileEncoding = 4; lastKnownFileType = sourcecode.c.objc; name = DetailViewController.m; path = ../DetailViewController.m; sourceTree = "<group>"; };
/* End PBXFileReference section */

/* Begin PBXFrameworksBuildPhase section */
		271F26401A9BCA730003DE4E /* Frameworks */ = {
			isa = PBXFrameworksBuildPhase;
			buildActionMask = 2147483647;
			files = (
			);
			runOnlyForDeploymentPostprocessing = 0;
		};
		271F26591A9BCA730003DE4E /* Frameworks */ = {
			isa = PBXFrameworksBuildPhase;
			buildActionMask = 2147483647;
			files = (
			);
			runOnlyForDeploymentPostprocessing = 0;
		};
/* End PBXFrameworksBuildPhase section */

/* Begin PBXGroup section */
		271F263A1A9BCA730003DE4E = {
			isa = PBXGroup;
			children = (
				271F26451A9BCA730003DE4E /* StoryBoardWelcome! */,
				271F265F1A9BCA730003DE4E /* StoryBoardWelcome!Tests */,
				271F26441A9BCA730003DE4E /* Products */,
			);
			sourceTree = "<group>";
		};
		271F26441A9BCA730003DE4E /* Products */ = {
			isa = PBXGroup;
			children = (
				271F26431A9BCA730003DE4E /* StoryBoardWelcome!.app */,
				271F265C1A9BCA730003DE4E /* StoryBoardWelcome!Tests.xctest */,
			);
			name = Products;
			sourceTree = "<group>";
		};
		271F26451A9BCA730003DE4E /* StoryBoardWelcome! */ = {
			isa = PBXGroup;
			children = (
				271F264A1A9BCA730003DE4E /* AppDelegate.h */,
				271F264B1A9BCA730003DE4E /* AppDelegate.m */,
				271F264D1A9BCA730003DE4E /* ViewController.h */,
				271F264E1A9BCA730003DE4E /* ViewController.m */,
				271F266C1A9BCA9A0003DE4E /* DetailViewController.h */,
				271F266D1A9BCA9A0003DE4E /* DetailViewController.m */,
				271F26501A9BCA730003DE4E /* Main.storyboard */,
				271F26531A9BCA730003DE4E /* Images.xcassets */,
				271F26551A9BCA730003DE4E /* LaunchScreen.xib */,
				271F26461A9BCA730003DE4E /* Supporting Files */,
			);
			path = "StoryBoardWelcome!";
			sourceTree = "<group>";
		};
		271F26461A9BCA730003DE4E /* Supporting Files */ = {
			isa = PBXGroup;
			children = (
				271F26471A9BCA730003DE4E /* Info.plist */,
				271F26481A9BCA730003DE4E /* main.m */,
			);
			name = "Supporting Files";
			sourceTree = "<group>";
		};
		271F265F1A9BCA730003DE4E /* StoryBoardWelcome!Tests */ = {
			isa = PBXGroup;
			children = (
				271F26621A9BCA730003DE4E /* StoryBoardWelcome_Tests.m */,
				271F26601A9BCA730003DE4E /* Supporting Files */,
			);
			path = "StoryBoardWelcome!Tests";
			sourceTree = "<group>";
		};
		271F26601A9BCA730003DE4E /* Supporting Files */ = {
			isa = PBXGroup;
			children = (
				271F26611A9BCA730003DE4E /* Info.plist */,
			);
			name = "Supporting Files";
			sourceTree = "<group>";
		};
/* End PBXGroup section */

/* Begin PBXNativeTarget section */
		271F26421A9BCA730003DE4E /* StoryBoardWelcome! */ = {
			isa = PBXNativeTarget;
			buildConfigurationList = 271F26661A9BCA730003DE4E /* Build configuration list for PBXNativeTarget "StoryBoardWelcome!" */;
			buildPhases = (
				271F263F1A9BCA730003DE4E /* Sources */,
				271F26401A9BCA730003DE4E /* Frameworks */,
				271F26411A9BCA730003DE4E /* Resources */,
			);
			buildRules = (
			);
			dependencies = (
			);
			name = "StoryBoardWelcome!";
			productName = "StoryBoardWelcome!";
			productReference = 271F26431A9BCA730003DE4E /* StoryBoardWelcome!.app */;
			productType = "com.apple.product-type.application";
		};
		271F265B1A9BCA730003DE4E /* StoryBoardWelcome!Tests */ = {
			isa = PBXNativeTarget;
			buildConfigurationList = 271F26691A9BCA730003DE4E /* Build configuration list for PBXNativeTarget "StoryBoardWelcome!Tests" */;
			buildPhases = (
				271F26581A9BCA730003DE4E /* Sources */,
				271F26591A9BCA730003DE4E /* Frameworks */,
				271F265A1A9BCA730003DE4E /* Resources */,
			);
			buildRules = (
			);
			dependencies = (
				271F265E1A9BCA730003DE4E /* PBXTargetDependency */,
			);
			name = "StoryBoardWelcome!Tests";
			productName = "StoryBoardWelcome!Tests";
			productReference = 271F265C1A9BCA730003DE4E /* StoryBoardWelcome!Tests.xctest */;
			productType = "com.apple.product-type.bundle.unit-test";
		};
/* End PBXNativeTarget section */

/* Begin PBXProject section */
		271F263B1A9BCA730003DE4E /* Project object */ = {
			isa = PBXProject;
			attributes = {
				LastUpgradeCheck = 0610;
				ORGANIZATIONNAME = "Ethan Hess";
				TargetAttributes = {
					271F26421A9BCA730003DE4E = {
						CreatedOnToolsVersion = 6.1.1;
					};
					271F265B1A9BCA730003DE4E = {
						CreatedOnToolsVersion = 6.1.1;
						TestTargetID = 271F26421A9BCA730003DE4E;
					};
				};
			};
			buildConfigurationList = 271F263E1A9BCA730003DE4E /* Build configuration list for PBXProject "StoryBoardWelcome!" */;
			compatibilityVersion = "Xcode 3.2";
			developmentRegion = English;
			hasScannedForEncodings = 0;
			knownRegions = (
				en,
				Base,
			);
			mainGroup = 271F263A1A9BCA730003DE4E;
			productRefGroup = 271F26441A9BCA730003DE4E /* Products */;
			projectDirPath = "";
			projectRoot = "";
			targets = (
				271F26421A9BCA730003DE4E /* StoryBoardWelcome! */,
				271F265B1A9BCA730003DE4E /* StoryBoardWelcome!Tests */,
			);
		};
/* End PBXProject section */

/* Begin PBXResourcesBuildPhase section */
		271F26411A9BCA730003DE4E /* Resources */ = {
			isa = PBXResourcesBuildPhase;
			buildActionMask = 2147483647;
			files = (
				271F26521A9BCA730003DE4E /* Main.storyboard in Resources */,
				271F26571A9BCA730003DE4E /* LaunchScreen.xib in Resources */,
				271F26541A9BCA730003DE4E /* Images.xcassets in Resources */,
			);
			runOnlyForDeploymentPostprocessing = 0;
		};
		271F265A1A9BCA730003DE4E /* Resources */ = {
			isa = PBXResourcesBuildPhase;
			buildActionMask = 2147483647;
			files = (
			);
			runOnlyForDeploymentPostprocessing = 0;
		};
/* End PBXResourcesBuildPhase section */

/* Begin PBXSourcesBuildPhase section */
		271F263F1A9BCA730003DE4E /* Sources */ = {
			isa = PBXSourcesBuildPhase;
			buildActionMask = 2147483647;
			files = (
				271F264F1A9BCA730003DE4E /* ViewController.m in Sources */,
				271F264C1A9BCA730003DE4E /* AppDelegate.m in Sources */,
				271F26491A9BCA730003DE4E /* main.m in Sources */,
				271F266E1A9BCA9A0003DE4E /* DetailViewController.m in Sources */,
			);
			runOnlyForDeploymentPostprocessing = 0;
		};
		271F26581A9BCA730003DE4E /* Sources */ = {
			isa = PBXSourcesBuildPhase;
			buildActionMask = 2147483647;
			files = (
				271F26631A9BCA730003DE4E /* StoryBoardWelcome_Tests.m in Sources */,
			);
			runOnlyForDeploymentPostprocessing = 0;
		};
/* End PBXSourcesBuildPhase section */

/* Begin PBXTargetDependency section */
		271F265E1A9BCA730003DE4E /* PBXTargetDependency */ = {
			isa = PBXTargetDependency;
			target = 271F26421A9BCA730003DE4E /* StoryBoardWelcome! */;
			targetProxy = 271F265D1A9BCA730003DE4E /* PBXContainerItemProxy */;
		};
/* End PBXTargetDependency section */

/* Begin PBXVariantGroup section */
		271F26501A9BCA730003DE4E /* Main.storyboard */ = {
			isa = PBXVariantGroup;
			children = (
				271F26511A9BCA730003DE4E /* Base */,
			);
			name = Main.storyboard;
			sourceTree = "<group>";
		};
		271F26551A9BCA730003DE4E /* LaunchScreen.xib */ = {
			isa = PBXVariantGroup;
			children = (
				271F26561A9BCA730003DE4E /* Base */,
			);
			name = LaunchScreen.xib;
			sourceTree = "<group>";
		};
/* End PBXVariantGroup section */

/* Begin XCBuildConfiguration section */
		271F26641A9BCA730003DE4E /* Debug */ = {
			isa = XCBuildConfiguration;
			buildSettings = {
				ALWAYS_SEARCH_USER_PATHS = NO;
				CLANG_CXX_LANGUAGE_STANDARD = "gnu++0x";
				CLANG_CXX_LIBRARY = "libc++";
				CLANG_ENABLE_MODULES = YES;
				CLANG_ENABLE_OBJC_ARC = YES;
				CLANG_WARN_BOOL_CONVERSION = YES;
				CLANG_WARN_CONSTANT_CONVERSION = YES;
				CLANG_WARN_DIRECT_OBJC_ISA_USAGE = YES_ERROR;
				CLANG_WARN_EMPTY_BODY = YES;
				CLANG_WARN_ENUM_CONVERSION = YES;
				CLANG_WARN_INT_CONVERSION = YES;
				CLANG_WARN_OBJC_ROOT_CLASS = YES_ERROR;
				CLANG_WARN_UNREACHABLE_CODE = YES;
				CLANG_WARN__DUPLICATE_METHOD_MATCH = YES;
				"CODE_SIGN_IDENTITY[sdk=iphoneos*]" = "iPhone Developer";
				COPY_PHASE_STRIP = NO;
				ENABLE_STRICT_OBJC_MSGSEND = YES;
				GCC_C_LANGUAGE_STANDARD = gnu99;
				GCC_DYNAMIC_NO_PIC = NO;
				GCC_OPTIMIZATION_LEVEL = 0;
				GCC_PREPROCESSOR_DEFINITIONS = (
					"DEBUG=1",
					"$(inherited)",
				);
				GCC_SYMBOLS_PRIVATE_EXTERN = NO;
				GCC_WARN_64_TO_32_BIT_CONVERSION = YES;
				GCC_WARN_ABOUT_RETURN_TYPE = YES_ERROR;
				GCC_WARN_UNDECLARED_SELECTOR = YES;
				GCC_WARN_UNINITIALIZED_AUTOS = YES_AGGRESSIVE;
				GCC_WARN_UNUSED_FUNCTION = YES;
				GCC_WARN_UNUSED_VARIABLE = YES;
				IPHONEOS_DEPLOYMENT_TARGET = 8.1;
				MTL_ENABLE_DEBUG_INFO = YES;
				ONLY_ACTIVE_ARCH = YES;
				SDKROOT = iphoneos;
				TARGETED_DEVICE_FAMILY = "1,2";
			};
			name = Debug;
		};
		271F26651A9BCA730003DE4E /* Release */ = {
			isa = XCBuildConfiguration;
			buildSettings = {
				ALWAYS_SEARCH_USER_PATHS = NO;
				CLANG_CXX_LANGUAGE_STANDARD = "gnu++0x";
				CLANG_CXX_LIBRARY = "libc++";
				CLANG_ENABLE_MODULES = YES;
				CLANG_ENABLE_OBJC_ARC = YES;
				CLANG_WARN_BOOL_CONVERSION = YES;
				CLANG_WARN_CONSTANT_CONVERSION = YES;
				CLANG_WARN_DIRECT_OBJC_ISA_USAGE = YES_ERROR;
				CLANG_WARN_EMPTY_BODY = YES;
				CLANG_WARN_ENUM_CONVERSION = YES;
				CLANG_WARN_INT_CONVERSION = YES;
				CLANG_WARN_OBJC_ROOT_CLASS = YES_ERROR;
				CLANG_WARN_UNREACHABLE_CODE = YES;
				CLANG_WARN__DUPLICATE_METHOD_MATCH = YES;
				"CODE_SIGN_IDENTITY[sdk=iphoneos*]" = "iPhone Developer";
				COPY_PHASE_STRIP = YES;
				ENABLE_NS_ASSERTIONS = NO;
				ENABLE_STRICT_OBJC_MSGSEND = YES;
				GCC_C_LANGUAGE_STANDARD = gnu99;
				GCC_WARN_64_TO_32_BIT_CONVERSION = YES;
				GCC_WARN_ABOUT_RETURN_TYPE = YES_ERROR;
				GCC_WARN_UNDECLARED_SELECTOR = YES;
				GCC_WARN_UNINITIALIZED_AUTOS = YES_AGGRESSIVE;
				GCC_WARN_UNUSED_FUNCTION = YES;
				GCC_WARN_UNUSED_VARIABLE = YES;
				IPHONEOS_DEPLOYMENT_TARGET = 8.1;
				MTL_ENABLE_DEBUG_INFO = NO;
				SDKROOT = iphoneos;
				TARGETED_DEVICE_FAMILY = "1,2";
				VALIDATE_PRODUCT = YES;
			};
			name = Release;
		};
		271F26671A9BCA730003DE4E /* Debug */ = {
			isa = XCBuildConfiguration;
			buildSettings = {
				ASSETCATALOG_COMPILER_APPICON_NAME = AppIcon;
				INFOPLIST_FILE = "StoryBoardWelcome!/Info.plist";
				LD_RUNPATH_SEARCH_PATHS = "$(inherited) @executable_path/Frameworks";
				PRODUCT_NAME = "$(TARGET_NAME)";
			};
			name = Debug;
		};
		271F26681A9BCA730003DE4E /* Release */ = {
			isa = XCBuildConfiguration;
			buildSettings = {
				ASSETCATALOG_COMPILER_APPICON_NAME = AppIcon;
				INFOPLIST_FILE = "StoryBoardWelcome!/Info.plist";
				LD_RUNPATH_SEARCH_PATHS = "$(inherited) @executable_path/Frameworks";
				PRODUCT_NAME = "$(TARGET_NAME)";
			};
			name = Release;
		};
		271F266A1A9BCA730003DE4E /* Debug */ = {
			isa = XCBuildConfiguration;
			buildSettings = {
				BUNDLE_LOADER = "$(TEST_HOST)";
				FRAMEWORK_SEARCH_PATHS = (
					"$(SDKROOT)/Developer/Library/Frameworks",
					"$(inherited)",
				);
				GCC_PREPROCESSOR_DEFINITIONS = (
					"DEBUG=1",
					"$(inherited)",
				);
				INFOPLIST_FILE = "StoryBoardWelcome!Tests/Info.plist";
				LD_RUNPATH_SEARCH_PATHS = "$(inherited) @executable_path/Frameworks @loader_path/Frameworks";
				PRODUCT_NAME = "$(TARGET_NAME)";
				TEST_HOST = "$(BUILT_PRODUCTS_DIR)/StoryBoardWelcome!.app/StoryBoardWelcome!";
			};
			name = Debug;
		};
		271F266B1A9BCA730003DE4E /* Release */ = {
			isa = XCBuildConfiguration;
			buildSettings = {
				BUNDLE_LOADER = "$(TEST_HOST)";
				FRAMEWORK_SEARCH_PATHS = (
					"$(SDKROOT)/Developer/Library/Frameworks",
					"$(inherited)",
				);
				INFOPLIST_FILE = "StoryBoardWelcome!Tests/Info.plist";
				LD_RUNPATH_SEARCH_PATHS = "$(inherited) @executable_path/Frameworks @loader_path/Frameworks";
				PRODUCT_NAME = "$(TARGET_NAME)";
				TEST_HOST = "$(BUILT_PRODUCTS_DIR)/StoryBoardWelcome!.app/StoryBoardWelcome!";
			};
			name = Release;
		};
/* End XCBuildConfiguration section */

/* Begin XCConfigurationList section */
		271F263E1A9BCA730003DE4E /* Build configuration list for PBXProject "StoryBoardWelcome!" */ = {
			isa = XCConfigurationList;
			buildConfigurations = (
				271F26641A9BCA730003DE4E /* Debug */,
				271F26651A9BCA730003DE4E /* Release */,
			);
			defaultConfigurationIsVisible = 0;
			defaultConfigurationName = Release;
		};
		271F26661A9BCA730003DE4E /* Build configuration list for PBXNativeTarget "StoryBoardWelcome!" */ = {
			isa = XCConfigurationList;
			buildConfigurations = (
				271F26671A9BCA730003DE4E /* Debug */,
				271F26681A9BCA730003DE4E /* Release */,
			);
			defaultConfigurationIsVisible = 0;
		};
		271F26691A9BCA730003DE4E /* Build configuration list for PBXNativeTarget "StoryBoardWelcome!Tests" */ = {
			isa = XCConfigurationList;
			buildConfigurations = (
				271F266A1A9BCA730003DE4E /* Debug */,
				271F266B1A9BCA730003DE4E /* Release */,
			);
			defaultConfigurationIsVisible = 0;
		};
/* End XCConfigurationList section */
	};
	rootObject = 271F263B1A9BCA730003DE4E /* Project object */;
}
