// !$*UTF8*$!
{
	archiveVersion = 1;
	classes = {
	};
	objectVersion = 46;
	objects = {

/* Begin PBXBuildFile section */
		271D09E41A80250C004E2AAD /* main.m in Sources */ = {isa = PBXBuildFile; fileRef = 271D09E31A80250C004E2AAD /* main.m */; };
		271D09E71A80250C004E2AAD /* AppDelegate.m in Sources */ = {isa = PBXBuildFile; fileRef = 271D09E61A80250C004E2AAD /* AppDelegate.m */; };
		271D09EA1A80250C004E2AAD /* ViewController.m in Sources */ = {isa = PBXBuildFile; fileRef = 271D09E91A80250C004E2AAD /* ViewController.m */; };
		271D09ED1A80250C004E2AAD /* Main.storyboard in Resources */ = {isa = PBXBuildFile; fileRef = 271D09EB1A80250C004E2AAD /* Main.storyboard */; };
		271D09EF1A80250C004E2AAD /* Images.xcassets in Resources */ = {isa = PBXBuildFile; fileRef = 271D09EE1A80250C004E2AAD /* Images.xcassets */; };
		271D09F21A80250C004E2AAD /* LaunchScreen.xib in Resources */ = {isa = PBXBuildFile; fileRef = 271D09F01A80250C004E2AAD /* LaunchScreen.xib */; };
		271D09FE1A80250C004E2AAD /* EchTests.m in Sources */ = {isa = PBXBuildFile; fileRef = 271D09FD1A80250C004E2AAD /* EchTests.m */; };
/* End PBXBuildFile section */

/* Begin PBXContainerItemProxy section */
		271D09F81A80250C004E2AAD /* PBXContainerItemProxy */ = {
			isa = PBXContainerItemProxy;
			containerPortal = 271D09D61A80250C004E2AAD /* Project object */;
			proxyType = 1;
			remoteGlobalIDString = 271D09DD1A80250C004E2AAD;
			remoteInfo = Ech;
		};
/* End PBXContainerItemProxy section */

/* Begin PBXFileReference section */
		271D09DE1A80250C004E2AAD /* Ech.app */ = {isa = PBXFileReference; explicitFileType = wrapper.application; includeInIndex = 0; path = Ech.app; sourceTree = BUILT_PRODUCTS_DIR; };
		271D09E21A80250C004E2AAD /* Info.plist */ = {isa = PBXFileReference; lastKnownFileType = text.plist.xml; path = Info.plist; sourceTree = "<group>"; };
		271D09E31A80250C004E2AAD /* main.m */ = {isa = PBXFileReference; lastKnownFileType = sourcecode.c.objc; path = main.m; sourceTree = "<group>"; };
		271D09E51A80250C004E2AAD /* AppDelegate.h */ = {isa = PBXFileReference; lastKnownFileType = sourcecode.c.h; path = AppDelegate.h; sourceTree = "<group>"; };
		271D09E61A80250C004E2AAD /* AppDelegate.m */ = {isa = PBXFileReference; lastKnownFileType = sourcecode.c.objc; path = AppDelegate.m; sourceTree = "<group>"; };
		271D09E81A80250C004E2AAD /* ViewController.h */ = {isa = PBXFileReference; lastKnownFileType = sourcecode.c.h; path = ViewController.h; sourceTree = "<group>"; };
		271D09E91A80250C004E2AAD /* ViewController.m */ = {isa = PBXFileReference; lastKnownFileType = sourcecode.c.objc; path = ViewController.m; sourceTree = "<group>"; };
		271D09EC1A80250C004E2AAD /* Base */ = {isa = PBXFileReference; lastKnownFileType = file.storyboard; name = Base; path = Base.lproj/Main.storyboard; sourceTree = "<group>"; };
		271D09EE1A80250C004E2AAD /* Images.xcassets */ = {isa = PBXFileReference; lastKnownFileType = folder.assetcatalog; path = Images.xcassets; sourceTree = "<group>"; };
		271D09F11A80250C004E2AAD /* Base */ = {isa = PBXFileReference; lastKnownFileType = file.xib; name = Base; path = Base.lproj/LaunchScreen.xib; sourceTree = "<group>"; };
		271D09F71A80250C004E2AAD /* EchTests.xctest */ = {isa = PBXFileReference; explicitFileType = wrapper.cfbundle; includeInIndex = 0; path = EchTests.xctest; sourceTree = BUILT_PRODUCTS_DIR; };
		271D09FC1A80250C004E2AAD /* Info.plist */ = {isa = PBXFileReference; lastKnownFileType = text.plist.xml; path = Info.plist; sourceTree = "<group>"; };
		271D09FD1A80250C004E2AAD /* EchTests.m */ = {isa = PBXFileReference; lastKnownFileType = sourcecode.c.objc; path = EchTests.m; sourceTree = "<group>"; };
/* End PBXFileReference section */

/* Begin PBXFrameworksBuildPhase section */
		271D09DB1A80250C004E2AAD /* Frameworks */ = {
			isa = PBXFrameworksBuildPhase;
			buildActionMask = 2147483647;
			files = (
			);
			runOnlyForDeploymentPostprocessing = 0;
		};
		271D09F41A80250C004E2AAD /* Frameworks */ = {
			isa = PBXFrameworksBuildPhase;
			buildActionMask = 2147483647;
			files = (
			);
			runOnlyForDeploymentPostprocessing = 0;
		};
/* End PBXFrameworksBuildPhase section */

/* Begin PBXGroup section */
		271D09D51A80250C004E2AAD = {
			isa = PBXGroup;
			children = (
				271D09E01A80250C004E2AAD /* Ech */,
				271D09FA1A80250C004E2AAD /* EchTests */,
				271D09DF1A80250C004E2AAD /* Products */,
			);
			sourceTree = "<group>";
		};
		271D09DF1A80250C004E2AAD /* Products */ = {
			isa = PBXGroup;
			children = (
				271D09DE1A80250C004E2AAD /* Ech.app */,
				271D09F71A80250C004E2AAD /* EchTests.xctest */,
			);
			name = Products;
			sourceTree = "<group>";
		};
		271D09E01A80250C004E2AAD /* Ech */ = {
			isa = PBXGroup;
			children = (
				271D09E51A80250C004E2AAD /* AppDelegate.h */,
				271D09E61A80250C004E2AAD /* AppDelegate.m */,
				271D09E81A80250C004E2AAD /* ViewController.h */,
				271D09E91A80250C004E2AAD /* ViewController.m */,
				271D09EB1A80250C004E2AAD /* Main.storyboard */,
				271D09EE1A80250C004E2AAD /* Images.xcassets */,
				271D09F01A80250C004E2AAD /* LaunchScreen.xib */,
				271D09E11A80250C004E2AAD /* Supporting Files */,
			);
			path = Ech;
			sourceTree = "<group>";
		};
		271D09E11A80250C004E2AAD /* Supporting Files */ = {
			isa = PBXGroup;
			children = (
				271D09E21A80250C004E2AAD /* Info.plist */,
				271D09E31A80250C004E2AAD /* main.m */,
			);
			name = "Supporting Files";
			sourceTree = "<group>";
		};
		271D09FA1A80250C004E2AAD /* EchTests */ = {
			isa = PBXGroup;
			children = (
				271D09FD1A80250C004E2AAD /* EchTests.m */,
				271D09FB1A80250C004E2AAD /* Supporting Files */,
			);
			path = EchTests;
			sourceTree = "<group>";
		};
		271D09FB1A80250C004E2AAD /* Supporting Files */ = {
			isa = PBXGroup;
			children = (
				271D09FC1A80250C004E2AAD /* Info.plist */,
			);
			name = "Supporting Files";
			sourceTree = "<group>";
		};
/* End PBXGroup section */

/* Begin PBXNativeTarget section */
		271D09DD1A80250C004E2AAD /* Ech */ = {
			isa = PBXNativeTarget;
			buildConfigurationList = 271D0A011A80250C004E2AAD /* Build configuration list for PBXNativeTarget "Ech" */;
			buildPhases = (
				271D09DA1A80250C004E2AAD /* Sources */,
				271D09DB1A80250C004E2AAD /* Frameworks */,
				271D09DC1A80250C004E2AAD /* Resources */,
			);
			buildRules = (
			);
			dependencies = (
			);
			name = Ech;
			productName = Ech;
			productReference = 271D09DE1A80250C004E2AAD /* Ech.app */;
			productType = "com.apple.product-type.application";
		};
		271D09F61A80250C004E2AAD /* EchTests */ = {
			isa = PBXNativeTarget;
			buildConfigurationList = 271D0A041A80250C004E2AAD /* Build configuration list for PBXNativeTarget "EchTests" */;
			buildPhases = (
				271D09F31A80250C004E2AAD /* Sources */,
				271D09F41A80250C004E2AAD /* Frameworks */,
				271D09F51A80250C004E2AAD /* Resources */,
			);
			buildRules = (
			);
			dependencies = (
				271D09F91A80250C004E2AAD /* PBXTargetDependency */,
			);
			name = EchTests;
			productName = EchTests;
			productReference = 271D09F71A80250C004E2AAD /* EchTests.xctest */;
			productType = "com.apple.product-type.bundle.unit-test";
		};
/* End PBXNativeTarget section */

/* Begin PBXProject section */
		271D09D61A80250C004E2AAD /* Project object */ = {
			isa = PBXProject;
			attributes = {
				LastUpgradeCheck = 0610;
				ORGANIZATIONNAME = "Ethan Hess";
				TargetAttributes = {
					271D09DD1A80250C004E2AAD = {
						CreatedOnToolsVersion = 6.1.1;
					};
					271D09F61A80250C004E2AAD = {
						CreatedOnToolsVersion = 6.1.1;
						TestTargetID = 271D09DD1A80250C004E2AAD;
					};
				};
			};
			buildConfigurationList = 271D09D91A80250C004E2AAD /* Build configuration list for PBXProject "Ech" */;
			compatibilityVersion = "Xcode 3.2";
			developmentRegion = English;
			hasScannedForEncodings = 0;
			knownRegions = (
				en,
				Base,
			);
			mainGroup = 271D09D51A80250C004E2AAD;
			productRefGroup = 271D09DF1A80250C004E2AAD /* Products */;
			projectDirPath = "";
			projectRoot = "";
			targets = (
				271D09DD1A80250C004E2AAD /* Ech */,
				271D09F61A80250C004E2AAD /* EchTests */,
			);
		};
/* End PBXProject section */

/* Begin PBXResourcesBuildPhase section */
		271D09DC1A80250C004E2AAD /* Resources */ = {
			isa = PBXResourcesBuildPhase;
			buildActionMask = 2147483647;
			files = (
				271D09ED1A80250C004E2AAD /* Main.storyboard in Resources */,
				271D09F21A80250C004E2AAD /* LaunchScreen.xib in Resources */,
				271D09EF1A80250C004E2AAD /* Images.xcassets in Resources */,
			);
			runOnlyForDeploymentPostprocessing = 0;
		};
		271D09F51A80250C004E2AAD /* Resources */ = {
			isa = PBXResourcesBuildPhase;
			buildActionMask = 2147483647;
			files = (
			);
			runOnlyForDeploymentPostprocessing = 0;
		};
/* End PBXResourcesBuildPhase section */

/* Begin PBXSourcesBuildPhase section */
		271D09DA1A80250C004E2AAD /* Sources */ = {
			isa = PBXSourcesBuildPhase;
			buildActionMask = 2147483647;
			files = (
				271D09EA1A80250C004E2AAD /* ViewController.m in Sources */,
				271D09E71A80250C004E2AAD /* AppDelegate.m in Sources */,
				271D09E41A80250C004E2AAD /* main.m in Sources */,
			);
			runOnlyForDeploymentPostprocessing = 0;
		};
		271D09F31A80250C004E2AAD /* Sources */ = {
			isa = PBXSourcesBuildPhase;
			buildActionMask = 2147483647;
			files = (
				271D09FE1A80250C004E2AAD /* EchTests.m in Sources */,
			);
			runOnlyForDeploymentPostprocessing = 0;
		};
/* End PBXSourcesBuildPhase section */

/* Begin PBXTargetDependency section */
		271D09F91A80250C004E2AAD /* PBXTargetDependency */ = {
			isa = PBXTargetDependency;
			target = 271D09DD1A80250C004E2AAD /* Ech */;
			targetProxy = 271D09F81A80250C004E2AAD /* PBXContainerItemProxy */;
		};
/* End PBXTargetDependency section */

/* Begin PBXVariantGroup section */
		271D09EB1A80250C004E2AAD /* Main.storyboard */ = {
			isa = PBXVariantGroup;
			children = (
				271D09EC1A80250C004E2AAD /* Base */,
			);
			name = Main.storyboard;
			sourceTree = "<group>";
		};
		271D09F01A80250C004E2AAD /* LaunchScreen.xib */ = {
			isa = PBXVariantGroup;
			children = (
				271D09F11A80250C004E2AAD /* Base */,
			);
			name = LaunchScreen.xib;
			sourceTree = "<group>";
		};
/* End PBXVariantGroup section */

/* Begin XCBuildConfiguration section */
		271D09FF1A80250C004E2AAD /* Debug */ = {
			isa = XCBuildConfiguration;
			buildSettings = {
				ALWAYS_SEARCH_USER_PATHS = NO;
				CLANG_CXX_LANGUAGE_STANDARD = "gnu++0x";
				CLANG_CXX_LIBRARY = "libc++";
				CLANG_ENABLE_MODULES = YES;
				CLANG_ENABLE_OBJC_ARC = YES;
				CLANG_WARN_BOOL_CONVERSION = YES;
				CLANG_WARN_CONSTANT_CONVERSION = YES;
				CLANG_WARN_DIRECT_OBJC_ISA_USAGE = YES_ERROR;
				CLANG_WARN_EMPTY_BODY = YES;
				CLANG_WARN_ENUM_CONVERSION = YES;
				CLANG_WARN_INT_CONVERSION = YES;
				CLANG_WARN_OBJC_ROOT_CLASS = YES_ERROR;
				CLANG_WARN_UNREACHABLE_CODE = YES;
				CLANG_WARN__DUPLICATE_METHOD_MATCH = YES;
				"CODE_SIGN_IDENTITY[sdk=iphoneos*]" = "iPhone Developer";
				COPY_PHASE_STRIP = NO;
				ENABLE_STRICT_OBJC_MSGSEND = YES;
				GCC_C_LANGUAGE_STANDARD = gnu99;
				GCC_DYNAMIC_NO_PIC = NO;
				GCC_OPTIMIZATION_LEVEL = 0;
				GCC_PREPROCESSOR_DEFINITIONS = (
					"DEBUG=1",
					"$(inherited)",
				);
				GCC_SYMBOLS_PRIVATE_EXTERN = NO;
				GCC_WARN_64_TO_32_BIT_CONVERSION = YES;
				GCC_WARN_ABOUT_RETURN_TYPE = YES_ERROR;
				GCC_WARN_UNDECLARED_SELECTOR = YES;
				GCC_WARN_UNINITIALIZED_AUTOS = YES_AGGRESSIVE;
				GCC_WARN_UNUSED_FUNCTION = YES;
				GCC_WARN_UNUSED_VARIABLE = YES;
				IPHONEOS_DEPLOYMENT_TARGET = 8.1;
				MTL_ENABLE_DEBUG_INFO = YES;
				ONLY_ACTIVE_ARCH = YES;
				SDKROOT = iphoneos;
				TARGETED_DEVICE_FAMILY = "1,2";
			};
			name = Debug;
		};
		271D0A001A80250C004E2AAD /* Release */ = {
			isa = XCBuildConfiguration;
			buildSettings = {
				ALWAYS_SEARCH_USER_PATHS = NO;
				CLANG_CXX_LANGUAGE_STANDARD = "gnu++0x";
				CLANG_CXX_LIBRARY = "libc++";
				CLANG_ENABLE_MODULES = YES;
				CLANG_ENABLE_OBJC_ARC = YES;
				CLANG_WARN_BOOL_CONVERSION = YES;
				CLANG_WARN_CONSTANT_CONVERSION = YES;
				CLANG_WARN_DIRECT_OBJC_ISA_USAGE = YES_ERROR;
				CLANG_WARN_EMPTY_BODY = YES;
				CLANG_WARN_ENUM_CONVERSION = YES;
				CLANG_WARN_INT_CONVERSION = YES;
				CLANG_WARN_OBJC_ROOT_CLASS = YES_ERROR;
				CLANG_WARN_UNREACHABLE_CODE = YES;
				CLANG_WARN__DUPLICATE_METHOD_MATCH = YES;
				"CODE_SIGN_IDENTITY[sdk=iphoneos*]" = "iPhone Developer";
				COPY_PHASE_STRIP = YES;
				ENABLE_NS_ASSERTIONS = NO;
				ENABLE_STRICT_OBJC_MSGSEND = YES;
				GCC_C_LANGUAGE_STANDARD = gnu99;
				GCC_WARN_64_TO_32_BIT_CONVERSION = YES;
				GCC_WARN_ABOUT_RETURN_TYPE = YES_ERROR;
				GCC_WARN_UNDECLARED_SELECTOR = YES;
				GCC_WARN_UNINITIALIZED_AUTOS = YES_AGGRESSIVE;
				GCC_WARN_UNUSED_FUNCTION = YES;
				GCC_WARN_UNUSED_VARIABLE = YES;
				IPHONEOS_DEPLOYMENT_TARGET = 8.1;
				MTL_ENABLE_DEBUG_INFO = NO;
				SDKROOT = iphoneos;
				TARGETED_DEVICE_FAMILY = "1,2";
				VALIDATE_PRODUCT = YES;
			};
			name = Release;
		};
		271D0A021A80250C004E2AAD /* Debug */ = {
			isa = XCBuildConfiguration;
			buildSettings = {
				ASSETCATALOG_COMPILER_APPICON_NAME = AppIcon;
				INFOPLIST_FILE = Ech/Info.plist;
				LD_RUNPATH_SEARCH_PATHS = "$(inherited) @executable_path/Frameworks";
				PRODUCT_NAME = "$(TARGET_NAME)";
			};
			name = Debug;
		};
		271D0A031A80250C004E2AAD /* Release */ = {
			isa = XCBuildConfiguration;
			buildSettings = {
				ASSETCATALOG_COMPILER_APPICON_NAME = AppIcon;
				INFOPLIST_FILE = Ech/Info.plist;
				LD_RUNPATH_SEARCH_PATHS = "$(inherited) @executable_path/Frameworks";
				PRODUCT_NAME = "$(TARGET_NAME)";
			};
			name = Release;
		};
		271D0A051A80250C004E2AAD /* Debug */ = {
			isa = XCBuildConfiguration;
			buildSettings = {
				BUNDLE_LOADER = "$(TEST_HOST)";
				FRAMEWORK_SEARCH_PATHS = (
					"$(SDKROOT)/Developer/Library/Frameworks",
					"$(inherited)",
				);
				GCC_PREPROCESSOR_DEFINITIONS = (
					"DEBUG=1",
					"$(inherited)",
				);
				INFOPLIST_FILE = EchTests/Info.plist;
				LD_RUNPATH_SEARCH_PATHS = "$(inherited) @executable_path/Frameworks @loader_path/Frameworks";
				PRODUCT_NAME = "$(TARGET_NAME)";
				TEST_HOST = "$(BUILT_PRODUCTS_DIR)/Ech.app/Ech";
			};
			name = Debug;
		};
		271D0A061A80250C004E2AAD /* Release */ = {
			isa = XCBuildConfiguration;
			buildSettings = {
				BUNDLE_LOADER = "$(TEST_HOST)";
				FRAMEWORK_SEARCH_PATHS = (
					"$(SDKROOT)/Developer/Library/Frameworks",
					"$(inherited)",
				);
				INFOPLIST_FILE = EchTests/Info.plist;
				LD_RUNPATH_SEARCH_PATHS = "$(inherited) @executable_path/Frameworks @loader_path/Frameworks";
				PRODUCT_NAME = "$(TARGET_NAME)";
				TEST_HOST = "$(BUILT_PRODUCTS_DIR)/Ech.app/Ech";
			};
			name = Release;
		};
/* End XCBuildConfiguration section */

/* Begin XCConfigurationList section */
		271D09D91A80250C004E2AAD /* Build configuration list for PBXProject "Ech" */ = {
			isa = XCConfigurationList;
			buildConfigurations = (
				271D09FF1A80250C004E2AAD /* Debug */,
				271D0A001A80250C004E2AAD /* Release */,
			);
			defaultConfigurationIsVisible = 0;
			defaultConfigurationName = Release;
		};
		271D0A011A80250C004E2AAD /* Build configuration list for PBXNativeTarget "Ech" */ = {
			isa = XCConfigurationList;
			buildConfigurations = (
				271D0A021A80250C004E2AAD /* Debug */,
				271D0A031A80250C004E2AAD /* Release */,
			);
			defaultConfigurationIsVisible = 0;
		};
		271D0A041A80250C004E2AAD /* Build configuration list for PBXNativeTarget "EchTests" */ = {
			isa = XCConfigurationList;
			buildConfigurations = (
				271D0A051A80250C004E2AAD /* Debug */,
				271D0A061A80250C004E2AAD /* Release */,
			);
			defaultConfigurationIsVisible = 0;
		};
/* End XCConfigurationList section */
	};
	rootObject = 271D09D61A80250C004E2AAD /* Project object */;
}
