// !$*UTF8*$!
{
	archiveVersion = 1;
	classes = {
	};
	objectVersion = 46;
	objects = {

/* Begin PBXBuildFile section */
		277CDB611A99804900F1D32F /* main.m in Sources */ = {isa = PBXBuildFile; fileRef = 277CDB601A99804900F1D32F /* main.m */; };
		277CDB641A99804900F1D32F /* AppDelegate.m in Sources */ = {isa = PBXBuildFile; fileRef = 277CDB631A99804900F1D32F /* AppDelegate.m */; };
		277CDB671A99804900F1D32F /* ViewController.m in Sources */ = {isa = PBXBuildFile; fileRef = 277CDB661A99804900F1D32F /* ViewController.m */; };
		277CDB6A1A99804900F1D32F /* Main.storyboard in Resources */ = {isa = PBXBuildFile; fileRef = 277CDB681A99804900F1D32F /* Main.storyboard */; };
		277CDB6C1A99804900F1D32F /* Images.xcassets in Resources */ = {isa = PBXBuildFile; fileRef = 277CDB6B1A99804900F1D32F /* Images.xcassets */; };
		277CDB6F1A99804900F1D32F /* LaunchScreen.xib in Resources */ = {isa = PBXBuildFile; fileRef = 277CDB6D1A99804900F1D32F /* LaunchScreen.xib */; };
		277CDB7B1A99804A00F1D32F /* RecipeAppRedoTests.m in Sources */ = {isa = PBXBuildFile; fileRef = 277CDB7A1A99804A00F1D32F /* RecipeAppRedoTests.m */; };
		277CDB861A99828F00F1D32F /* TableViewDataSource.m in Sources */ = {isa = PBXBuildFile; fileRef = 277CDB851A99828F00F1D32F /* TableViewDataSource.m */; };
		277CDB891A99860000F1D32F /* DetailViewController.m in Sources */ = {isa = PBXBuildFile; fileRef = 277CDB881A99860000F1D32F /* DetailViewController.m */; };
		277CDB8C1A99864A00F1D32F /* InformationFile.m in Sources */ = {isa = PBXBuildFile; fileRef = 277CDB8B1A99864A00F1D32F /* InformationFile.m */; };
/* End PBXBuildFile section */

/* Begin PBXContainerItemProxy section */
		277CDB751A99804A00F1D32F /* PBXContainerItemProxy */ = {
			isa = PBXContainerItemProxy;
			containerPortal = 277CDB531A99804900F1D32F /* Project object */;
			proxyType = 1;
			remoteGlobalIDString = 277CDB5A1A99804900F1D32F;
			remoteInfo = RecipeAppRedo;
		};
/* End PBXContainerItemProxy section */

/* Begin PBXFileReference section */
		277CDB5B1A99804900F1D32F /* RecipeAppRedo.app */ = {isa = PBXFileReference; explicitFileType = wrapper.application; includeInIndex = 0; path = RecipeAppRedo.app; sourceTree = BUILT_PRODUCTS_DIR; };
		277CDB5F1A99804900F1D32F /* Info.plist */ = {isa = PBXFileReference; lastKnownFileType = text.plist.xml; path = Info.plist; sourceTree = "<group>"; };
		277CDB601A99804900F1D32F /* main.m */ = {isa = PBXFileReference; lastKnownFileType = sourcecode.c.objc; path = main.m; sourceTree = "<group>"; };
		277CDB621A99804900F1D32F /* AppDelegate.h */ = {isa = PBXFileReference; lastKnownFileType = sourcecode.c.h; path = AppDelegate.h; sourceTree = "<group>"; };
		277CDB631A99804900F1D32F /* AppDelegate.m */ = {isa = PBXFileReference; lastKnownFileType = sourcecode.c.objc; path = AppDelegate.m; sourceTree = "<group>"; };
		277CDB651A99804900F1D32F /* ViewController.h */ = {isa = PBXFileReference; lastKnownFileType = sourcecode.c.h; path = ViewController.h; sourceTree = "<group>"; };
		277CDB661A99804900F1D32F /* ViewController.m */ = {isa = PBXFileReference; lastKnownFileType = sourcecode.c.objc; path = ViewController.m; sourceTree = "<group>"; };
		277CDB691A99804900F1D32F /* Base */ = {isa = PBXFileReference; lastKnownFileType = file.storyboard; name = Base; path = Base.lproj/Main.storyboard; sourceTree = "<group>"; };
		277CDB6B1A99804900F1D32F /* Images.xcassets */ = {isa = PBXFileReference; lastKnownFileType = folder.assetcatalog; path = Images.xcassets; sourceTree = "<group>"; };
		277CDB6E1A99804900F1D32F /* Base */ = {isa = PBXFileReference; lastKnownFileType = file.xib; name = Base; path = Base.lproj/LaunchScreen.xib; sourceTree = "<group>"; };
		277CDB741A99804A00F1D32F /* RecipeAppRedoTests.xctest */ = {isa = PBXFileReference; explicitFileType = wrapper.cfbundle; includeInIndex = 0; path = RecipeAppRedoTests.xctest; sourceTree = BUILT_PRODUCTS_DIR; };
		277CDB791A99804A00F1D32F /* Info.plist */ = {isa = PBXFileReference; lastKnownFileType = text.plist.xml; path = Info.plist; sourceTree = "<group>"; };
		277CDB7A1A99804A00F1D32F /* RecipeAppRedoTests.m */ = {isa = PBXFileReference; lastKnownFileType = sourcecode.c.objc; path = RecipeAppRedoTests.m; sourceTree = "<group>"; };
		277CDB841A99828F00F1D32F /* TableViewDataSource.h */ = {isa = PBXFileReference; fileEncoding = 4; lastKnownFileType = sourcecode.c.h; path = TableViewDataSource.h; sourceTree = "<group>"; };
		277CDB851A99828F00F1D32F /* TableViewDataSource.m */ = {isa = PBXFileReference; fileEncoding = 4; lastKnownFileType = sourcecode.c.objc; path = TableViewDataSource.m; sourceTree = "<group>"; };
		277CDB871A99860000F1D32F /* DetailViewController.h */ = {isa = PBXFileReference; fileEncoding = 4; lastKnownFileType = sourcecode.c.h; path = DetailViewController.h; sourceTree = "<group>"; };
		277CDB881A99860000F1D32F /* DetailViewController.m */ = {isa = PBXFileReference; fileEncoding = 4; lastKnownFileType = sourcecode.c.objc; path = DetailViewController.m; sourceTree = "<group>"; };
		277CDB8A1A99864A00F1D32F /* InformationFile.h */ = {isa = PBXFileReference; fileEncoding = 4; lastKnownFileType = sourcecode.c.h; path = InformationFile.h; sourceTree = "<group>"; };
		277CDB8B1A99864A00F1D32F /* InformationFile.m */ = {isa = PBXFileReference; fileEncoding = 4; lastKnownFileType = sourcecode.c.objc; path = InformationFile.m; sourceTree = "<group>"; };
/* End PBXFileReference section */

/* Begin PBXFrameworksBuildPhase section */
		277CDB581A99804900F1D32F /* Frameworks */ = {
			isa = PBXFrameworksBuildPhase;
			buildActionMask = 2147483647;
			files = (
			);
			runOnlyForDeploymentPostprocessing = 0;
		};
		277CDB711A99804A00F1D32F /* Frameworks */ = {
			isa = PBXFrameworksBuildPhase;
			buildActionMask = 2147483647;
			files = (
			);
			runOnlyForDeploymentPostprocessing = 0;
		};
/* End PBXFrameworksBuildPhase section */

/* Begin PBXGroup section */
		277CDB521A99804900F1D32F = {
			isa = PBXGroup;
			children = (
				277CDB5D1A99804900F1D32F /* RecipeAppRedo */,
				277CDB771A99804A00F1D32F /* RecipeAppRedoTests */,
				277CDB5C1A99804900F1D32F /* Products */,
			);
			sourceTree = "<group>";
		};
		277CDB5C1A99804900F1D32F /* Products */ = {
			isa = PBXGroup;
			children = (
				277CDB5B1A99804900F1D32F /* RecipeAppRedo.app */,
				277CDB741A99804A00F1D32F /* RecipeAppRedoTests.xctest */,
			);
			name = Products;
			sourceTree = "<group>";
		};
		277CDB5D1A99804900F1D32F /* RecipeAppRedo */ = {
			isa = PBXGroup;
			children = (
				277CDB621A99804900F1D32F /* AppDelegate.h */,
				277CDB631A99804900F1D32F /* AppDelegate.m */,
				277CDB651A99804900F1D32F /* ViewController.h */,
				277CDB661A99804900F1D32F /* ViewController.m */,
				277CDB871A99860000F1D32F /* DetailViewController.h */,
				277CDB881A99860000F1D32F /* DetailViewController.m */,
				277CDB8A1A99864A00F1D32F /* InformationFile.h */,
				277CDB8B1A99864A00F1D32F /* InformationFile.m */,
				277CDB841A99828F00F1D32F /* TableViewDataSource.h */,
				277CDB851A99828F00F1D32F /* TableViewDataSource.m */,
				277CDB681A99804900F1D32F /* Main.storyboard */,
				277CDB6B1A99804900F1D32F /* Images.xcassets */,
				277CDB6D1A99804900F1D32F /* LaunchScreen.xib */,
				277CDB5E1A99804900F1D32F /* Supporting Files */,
			);
			path = RecipeAppRedo;
			sourceTree = "<group>";
		};
		277CDB5E1A99804900F1D32F /* Supporting Files */ = {
			isa = PBXGroup;
			children = (
				277CDB5F1A99804900F1D32F /* Info.plist */,
				277CDB601A99804900F1D32F /* main.m */,
			);
			name = "Supporting Files";
			sourceTree = "<group>";
		};
		277CDB771A99804A00F1D32F /* RecipeAppRedoTests */ = {
			isa = PBXGroup;
			children = (
				277CDB7A1A99804A00F1D32F /* RecipeAppRedoTests.m */,
				277CDB781A99804A00F1D32F /* Supporting Files */,
			);
			path = RecipeAppRedoTests;
			sourceTree = "<group>";
		};
		277CDB781A99804A00F1D32F /* Supporting Files */ = {
			isa = PBXGroup;
			children = (
				277CDB791A99804A00F1D32F /* Info.plist */,
			);
			name = "Supporting Files";
			sourceTree = "<group>";
		};
/* End PBXGroup section */

/* Begin PBXNativeTarget section */
		277CDB5A1A99804900F1D32F /* RecipeAppRedo */ = {
			isa = PBXNativeTarget;
			buildConfigurationList = 277CDB7E1A99804A00F1D32F /* Build configuration list for PBXNativeTarget "RecipeAppRedo" */;
			buildPhases = (
				277CDB571A99804900F1D32F /* Sources */,
				277CDB581A99804900F1D32F /* Frameworks */,
				277CDB591A99804900F1D32F /* Resources */,
			);
			buildRules = (
			);
			dependencies = (
			);
			name = RecipeAppRedo;
			productName = RecipeAppRedo;
			productReference = 277CDB5B1A99804900F1D32F /* RecipeAppRedo.app */;
			productType = "com.apple.product-type.application";
		};
		277CDB731A99804A00F1D32F /* RecipeAppRedoTests */ = {
			isa = PBXNativeTarget;
			buildConfigurationList = 277CDB811A99804A00F1D32F /* Build configuration list for PBXNativeTarget "RecipeAppRedoTests" */;
			buildPhases = (
				277CDB701A99804A00F1D32F /* Sources */,
				277CDB711A99804A00F1D32F /* Frameworks */,
				277CDB721A99804A00F1D32F /* Resources */,
			);
			buildRules = (
			);
			dependencies = (
				277CDB761A99804A00F1D32F /* PBXTargetDependency */,
			);
			name = RecipeAppRedoTests;
			productName = RecipeAppRedoTests;
			productReference = 277CDB741A99804A00F1D32F /* RecipeAppRedoTests.xctest */;
			productType = "com.apple.product-type.bundle.unit-test";
		};
/* End PBXNativeTarget section */

/* Begin PBXProject section */
		277CDB531A99804900F1D32F /* Project object */ = {
			isa = PBXProject;
			attributes = {
				LastUpgradeCheck = 0610;
				ORGANIZATIONNAME = "Ethan Hess";
				TargetAttributes = {
					277CDB5A1A99804900F1D32F = {
						CreatedOnToolsVersion = 6.1.1;
					};
					277CDB731A99804A00F1D32F = {
						CreatedOnToolsVersion = 6.1.1;
						TestTargetID = 277CDB5A1A99804900F1D32F;
					};
				};
			};
			buildConfigurationList = 277CDB561A99804900F1D32F /* Build configuration list for PBXProject "RecipeAppRedo" */;
			compatibilityVersion = "Xcode 3.2";
			developmentRegion = English;
			hasScannedForEncodings = 0;
			knownRegions = (
				en,
				Base,
			);
			mainGroup = 277CDB521A99804900F1D32F;
			productRefGroup = 277CDB5C1A99804900F1D32F /* Products */;
			projectDirPath = "";
			projectRoot = "";
			targets = (
				277CDB5A1A99804900F1D32F /* RecipeAppRedo */,
				277CDB731A99804A00F1D32F /* RecipeAppRedoTests */,
			);
		};
/* End PBXProject section */

/* Begin PBXResourcesBuildPhase section */
		277CDB591A99804900F1D32F /* Resources */ = {
			isa = PBXResourcesBuildPhase;
			buildActionMask = 2147483647;
			files = (
				277CDB6A1A99804900F1D32F /* Main.storyboard in Resources */,
				277CDB6F1A99804900F1D32F /* LaunchScreen.xib in Resources */,
				277CDB6C1A99804900F1D32F /* Images.xcassets in Resources */,
			);
			runOnlyForDeploymentPostprocessing = 0;
		};
		277CDB721A99804A00F1D32F /* Resources */ = {
			isa = PBXResourcesBuildPhase;
			buildActionMask = 2147483647;
			files = (
			);
			runOnlyForDeploymentPostprocessing = 0;
		};
/* End PBXResourcesBuildPhase section */

/* Begin PBXSourcesBuildPhase section */
		277CDB571A99804900F1D32F /* Sources */ = {
			isa = PBXSourcesBuildPhase;
			buildActionMask = 2147483647;
			files = (
				277CDB8C1A99864A00F1D32F /* InformationFile.m in Sources */,
				277CDB891A99860000F1D32F /* DetailViewController.m in Sources */,
				277CDB671A99804900F1D32F /* ViewController.m in Sources */,
				277CDB641A99804900F1D32F /* AppDelegate.m in Sources */,
				277CDB861A99828F00F1D32F /* TableViewDataSource.m in Sources */,
				277CDB611A99804900F1D32F /* main.m in Sources */,
			);
			runOnlyForDeploymentPostprocessing = 0;
		};
		277CDB701A99804A00F1D32F /* Sources */ = {
			isa = PBXSourcesBuildPhase;
			buildActionMask = 2147483647;
			files = (
				277CDB7B1A99804A00F1D32F /* RecipeAppRedoTests.m in Sources */,
			);
			runOnlyForDeploymentPostprocessing = 0;
		};
/* End PBXSourcesBuildPhase section */

/* Begin PBXTargetDependency section */
		277CDB761A99804A00F1D32F /* PBXTargetDependency */ = {
			isa = PBXTargetDependency;
			target = 277CDB5A1A99804900F1D32F /* RecipeAppRedo */;
			targetProxy = 277CDB751A99804A00F1D32F /* PBXContainerItemProxy */;
		};
/* End PBXTargetDependency section */

/* Begin PBXVariantGroup section */
		277CDB681A99804900F1D32F /* Main.storyboard */ = {
			isa = PBXVariantGroup;
			children = (
				277CDB691A99804900F1D32F /* Base */,
			);
			name = Main.storyboard;
			sourceTree = "<group>";
		};
		277CDB6D1A99804900F1D32F /* LaunchScreen.xib */ = {
			isa = PBXVariantGroup;
			children = (
				277CDB6E1A99804900F1D32F /* Base */,
			);
			name = LaunchScreen.xib;
			sourceTree = "<group>";
		};
/* End PBXVariantGroup section */

/* Begin XCBuildConfiguration section */
		277CDB7C1A99804A00F1D32F /* Debug */ = {
			isa = XCBuildConfiguration;
			buildSettings = {
				ALWAYS_SEARCH_USER_PATHS = NO;
				CLANG_CXX_LANGUAGE_STANDARD = "gnu++0x";
				CLANG_CXX_LIBRARY = "libc++";
				CLANG_ENABLE_MODULES = YES;
				CLANG_ENABLE_OBJC_ARC = YES;
				CLANG_WARN_BOOL_CONVERSION = YES;
				CLANG_WARN_CONSTANT_CONVERSION = YES;
				CLANG_WARN_DIRECT_OBJC_ISA_USAGE = YES_ERROR;
				CLANG_WARN_EMPTY_BODY = YES;
				CLANG_WARN_ENUM_CONVERSION = YES;
				CLANG_WARN_INT_CONVERSION = YES;
				CLANG_WARN_OBJC_ROOT_CLASS = YES_ERROR;
				CLANG_WARN_UNREACHABLE_CODE = YES;
				CLANG_WARN__DUPLICATE_METHOD_MATCH = YES;
				"CODE_SIGN_IDENTITY[sdk=iphoneos*]" = "iPhone Developer";
				COPY_PHASE_STRIP = NO;
				ENABLE_STRICT_OBJC_MSGSEND = YES;
				GCC_C_LANGUAGE_STANDARD = gnu99;
				GCC_DYNAMIC_NO_PIC = NO;
				GCC_OPTIMIZATION_LEVEL = 0;
				GCC_PREPROCESSOR_DEFINITIONS = (
					"DEBUG=1",
					"$(inherited)",
				);
				GCC_SYMBOLS_PRIVATE_EXTERN = NO;
				GCC_WARN_64_TO_32_BIT_CONVERSION = YES;
				GCC_WARN_ABOUT_RETURN_TYPE = YES_ERROR;
				GCC_WARN_UNDECLARED_SELECTOR = YES;
				GCC_WARN_UNINITIALIZED_AUTOS = YES_AGGRESSIVE;
				GCC_WARN_UNUSED_FUNCTION = YES;
				GCC_WARN_UNUSED_VARIABLE = YES;
				IPHONEOS_DEPLOYMENT_TARGET = 8.1;
				MTL_ENABLE_DEBUG_INFO = YES;
				ONLY_ACTIVE_ARCH = YES;
				SDKROOT = iphoneos;
				TARGETED_DEVICE_FAMILY = "1,2";
			};
			name = Debug;
		};
		277CDB7D1A99804A00F1D32F /* Release */ = {
			isa = XCBuildConfiguration;
			buildSettings = {
				ALWAYS_SEARCH_USER_PATHS = NO;
				CLANG_CXX_LANGUAGE_STANDARD = "gnu++0x";
				CLANG_CXX_LIBRARY = "libc++";
				CLANG_ENABLE_MODULES = YES;
				CLANG_ENABLE_OBJC_ARC = YES;
				CLANG_WARN_BOOL_CONVERSION = YES;
				CLANG_WARN_CONSTANT_CONVERSION = YES;
				CLANG_WARN_DIRECT_OBJC_ISA_USAGE = YES_ERROR;
				CLANG_WARN_EMPTY_BODY = YES;
				CLANG_WARN_ENUM_CONVERSION = YES;
				CLANG_WARN_INT_CONVERSION = YES;
				CLANG_WARN_OBJC_ROOT_CLASS = YES_ERROR;
				CLANG_WARN_UNREACHABLE_CODE = YES;
				CLANG_WARN__DUPLICATE_METHOD_MATCH = YES;
				"CODE_SIGN_IDENTITY[sdk=iphoneos*]" = "iPhone Developer";
				COPY_PHASE_STRIP = YES;
				ENABLE_NS_ASSERTIONS = NO;
				ENABLE_STRICT_OBJC_MSGSEND = YES;
				GCC_C_LANGUAGE_STANDARD = gnu99;
				GCC_WARN_64_TO_32_BIT_CONVERSION = YES;
				GCC_WARN_ABOUT_RETURN_TYPE = YES_ERROR;
				GCC_WARN_UNDECLARED_SELECTOR = YES;
				GCC_WARN_UNINITIALIZED_AUTOS = YES_AGGRESSIVE;
				GCC_WARN_UNUSED_FUNCTION = YES;
				GCC_WARN_UNUSED_VARIABLE = YES;
				IPHONEOS_DEPLOYMENT_TARGET = 8.1;
				MTL_ENABLE_DEBUG_INFO = NO;
				SDKROOT = iphoneos;
				TARGETED_DEVICE_FAMILY = "1,2";
				VALIDATE_PRODUCT = YES;
			};
			name = Release;
		};
		277CDB7F1A99804A00F1D32F /* Debug */ = {
			isa = XCBuildConfiguration;
			buildSettings = {
				ASSETCATALOG_COMPILER_APPICON_NAME = AppIcon;
				INFOPLIST_FILE = RecipeAppRedo/Info.plist;
				LD_RUNPATH_SEARCH_PATHS = "$(inherited) @executable_path/Frameworks";
				PRODUCT_NAME = "$(TARGET_NAME)";
			};
			name = Debug;
		};
		277CDB801A99804A00F1D32F /* Release */ = {
			isa = XCBuildConfiguration;
			buildSettings = {
				ASSETCATALOG_COMPILER_APPICON_NAME = AppIcon;
				INFOPLIST_FILE = RecipeAppRedo/Info.plist;
				LD_RUNPATH_SEARCH_PATHS = "$(inherited) @executable_path/Frameworks";
				PRODUCT_NAME = "$(TARGET_NAME)";
			};
			name = Release;
		};
		277CDB821A99804A00F1D32F /* Debug */ = {
			isa = XCBuildConfiguration;
			buildSettings = {
				BUNDLE_LOADER = "$(TEST_HOST)";
				FRAMEWORK_SEARCH_PATHS = (
					"$(SDKROOT)/Developer/Library/Frameworks",
					"$(inherited)",
				);
				GCC_PREPROCESSOR_DEFINITIONS = (
					"DEBUG=1",
					"$(inherited)",
				);
				INFOPLIST_FILE = RecipeAppRedoTests/Info.plist;
				LD_RUNPATH_SEARCH_PATHS = "$(inherited) @executable_path/Frameworks @loader_path/Frameworks";
				PRODUCT_NAME = "$(TARGET_NAME)";
				TEST_HOST = "$(BUILT_PRODUCTS_DIR)/RecipeAppRedo.app/RecipeAppRedo";
			};
			name = Debug;
		};
		277CDB831A99804A00F1D32F /* Release */ = {
			isa = XCBuildConfiguration;
			buildSettings = {
				BUNDLE_LOADER = "$(TEST_HOST)";
				FRAMEWORK_SEARCH_PATHS = (
					"$(SDKROOT)/Developer/Library/Frameworks",
					"$(inherited)",
				);
				INFOPLIST_FILE = RecipeAppRedoTests/Info.plist;
				LD_RUNPATH_SEARCH_PATHS = "$(inherited) @executable_path/Frameworks @loader_path/Frameworks";
				PRODUCT_NAME = "$(TARGET_NAME)";
				TEST_HOST = "$(BUILT_PRODUCTS_DIR)/RecipeAppRedo.app/RecipeAppRedo";
			};
			name = Release;
		};
/* End XCBuildConfiguration section */

/* Begin XCConfigurationList section */
		277CDB561A99804900F1D32F /* Build configuration list for PBXProject "RecipeAppRedo" */ = {
			isa = XCConfigurationList;
			buildConfigurations = (
				277CDB7C1A99804A00F1D32F /* Debug */,
				277CDB7D1A99804A00F1D32F /* Release */,
			);
			defaultConfigurationIsVisible = 0;
			defaultConfigurationName = Release;
		};
		277CDB7E1A99804A00F1D32F /* Build configuration list for PBXNativeTarget "RecipeAppRedo" */ = {
			isa = XCConfigurationList;
			buildConfigurations = (
				277CDB7F1A99804A00F1D32F /* Debug */,
				277CDB801A99804A00F1D32F /* Release */,
			);
			defaultConfigurationIsVisible = 0;
		};
		277CDB811A99804A00F1D32F /* Build configuration list for PBXNativeTarget "RecipeAppRedoTests" */ = {
			isa = XCConfigurationList;
			buildConfigurations = (
				277CDB821A99804A00F1D32F /* Debug */,
				277CDB831A99804A00F1D32F /* Release */,
			);
			defaultConfigurationIsVisible = 0;
		};
/* End XCConfigurationList section */
	};
	rootObject = 277CDB531A99804900F1D32F /* Project object */;
}
