// !$*UTF8*$!
{
	archiveVersion = 1;
	classes = {
	};
	objectVersion = 46;
	objects = {

/* Begin PBXBuildFile section */
		27CDCC161A8BE1CF00638D36 /* main.m in Sources */ = {isa = PBXBuildFile; fileRef = 27CDCC151A8BE1CF00638D36 /* main.m */; };
		27CDCC191A8BE1CF00638D36 /* AppDelegate.m in Sources */ = {isa = PBXBuildFile; fileRef = 27CDCC181A8BE1CF00638D36 /* AppDelegate.m */; };
		27CDCC1C1A8BE1CF00638D36 /* ViewController.m in Sources */ = {isa = PBXBuildFile; fileRef = 27CDCC1B1A8BE1CF00638D36 /* ViewController.m */; };
		27CDCC1F1A8BE1CF00638D36 /* Main.storyboard in Resources */ = {isa = PBXBuildFile; fileRef = 27CDCC1D1A8BE1CF00638D36 /* Main.storyboard */; };
		27CDCC211A8BE1CF00638D36 /* Images.xcassets in Resources */ = {isa = PBXBuildFile; fileRef = 27CDCC201A8BE1CF00638D36 /* Images.xcassets */; };
		27CDCC241A8BE1CF00638D36 /* LaunchScreen.xib in Resources */ = {isa = PBXBuildFile; fileRef = 27CDCC221A8BE1CF00638D36 /* LaunchScreen.xib */; };
		27CDCC301A8BE1CF00638D36 /* FavoritesTests.m in Sources */ = {isa = PBXBuildFile; fileRef = 27CDCC2F1A8BE1CF00638D36 /* FavoritesTests.m */; };
		27CDCC3B1A8BE27C00638D36 /* Favorites.m in Sources */ = {isa = PBXBuildFile; fileRef = 27CDCC3A1A8BE27C00638D36 /* Favorites.m */; };
/* End PBXBuildFile section */

/* Begin PBXContainerItemProxy section */
		27CDCC2A1A8BE1CF00638D36 /* PBXContainerItemProxy */ = {
			isa = PBXContainerItemProxy;
			containerPortal = 27CDCC081A8BE1CF00638D36 /* Project object */;
			proxyType = 1;
			remoteGlobalIDString = 27CDCC0F1A8BE1CF00638D36;
			remoteInfo = Favorites;
		};
/* End PBXContainerItemProxy section */

/* Begin PBXFileReference section */
		27CDCC101A8BE1CF00638D36 /* Favorites.app */ = {isa = PBXFileReference; explicitFileType = wrapper.application; includeInIndex = 0; path = Favorites.app; sourceTree = BUILT_PRODUCTS_DIR; };
		27CDCC141A8BE1CF00638D36 /* Info.plist */ = {isa = PBXFileReference; lastKnownFileType = text.plist.xml; path = Info.plist; sourceTree = "<group>"; };
		27CDCC151A8BE1CF00638D36 /* main.m */ = {isa = PBXFileReference; lastKnownFileType = sourcecode.c.objc; path = main.m; sourceTree = "<group>"; };
		27CDCC171A8BE1CF00638D36 /* AppDelegate.h */ = {isa = PBXFileReference; lastKnownFileType = sourcecode.c.h; path = AppDelegate.h; sourceTree = "<group>"; };
		27CDCC181A8BE1CF00638D36 /* AppDelegate.m */ = {isa = PBXFileReference; lastKnownFileType = sourcecode.c.objc; path = AppDelegate.m; sourceTree = "<group>"; };
		27CDCC1A1A8BE1CF00638D36 /* ViewController.h */ = {isa = PBXFileReference; lastKnownFileType = sourcecode.c.h; path = ViewController.h; sourceTree = "<group>"; };
		27CDCC1B1A8BE1CF00638D36 /* ViewController.m */ = {isa = PBXFileReference; lastKnownFileType = sourcecode.c.objc; path = ViewController.m; sourceTree = "<group>"; };
		27CDCC1E1A8BE1CF00638D36 /* Base */ = {isa = PBXFileReference; lastKnownFileType = file.storyboard; name = Base; path = Base.lproj/Main.storyboard; sourceTree = "<group>"; };
		27CDCC201A8BE1CF00638D36 /* Images.xcassets */ = {isa = PBXFileReference; lastKnownFileType = folder.assetcatalog; path = Images.xcassets; sourceTree = "<group>"; };
		27CDCC231A8BE1CF00638D36 /* Base */ = {isa = PBXFileReference; lastKnownFileType = file.xib; name = Base; path = Base.lproj/LaunchScreen.xib; sourceTree = "<group>"; };
		27CDCC291A8BE1CF00638D36 /* FavoritesTests.xctest */ = {isa = PBXFileReference; explicitFileType = wrapper.cfbundle; includeInIndex = 0; path = FavoritesTests.xctest; sourceTree = BUILT_PRODUCTS_DIR; };
		27CDCC2E1A8BE1CF00638D36 /* Info.plist */ = {isa = PBXFileReference; lastKnownFileType = text.plist.xml; path = Info.plist; sourceTree = "<group>"; };
		27CDCC2F1A8BE1CF00638D36 /* FavoritesTests.m */ = {isa = PBXFileReference; lastKnownFileType = sourcecode.c.objc; path = FavoritesTests.m; sourceTree = "<group>"; };
		27CDCC391A8BE27C00638D36 /* Favorites.h */ = {isa = PBXFileReference; fileEncoding = 4; lastKnownFileType = sourcecode.c.h; path = Favorites.h; sourceTree = "<group>"; };
		27CDCC3A1A8BE27C00638D36 /* Favorites.m */ = {isa = PBXFileReference; fileEncoding = 4; lastKnownFileType = sourcecode.c.objc; path = Favorites.m; sourceTree = "<group>"; };
/* End PBXFileReference section */

/* Begin PBXFrameworksBuildPhase section */
		27CDCC0D1A8BE1CF00638D36 /* Frameworks */ = {
			isa = PBXFrameworksBuildPhase;
			buildActionMask = 2147483647;
			files = (
			);
			runOnlyForDeploymentPostprocessing = 0;
		};
		27CDCC261A8BE1CF00638D36 /* Frameworks */ = {
			isa = PBXFrameworksBuildPhase;
			buildActionMask = 2147483647;
			files = (
			);
			runOnlyForDeploymentPostprocessing = 0;
		};
/* End PBXFrameworksBuildPhase section */

/* Begin PBXGroup section */
		27CDCC071A8BE1CF00638D36 = {
			isa = PBXGroup;
			children = (
				27CDCC121A8BE1CF00638D36 /* Favorites */,
				27CDCC2C1A8BE1CF00638D36 /* FavoritesTests */,
				27CDCC111A8BE1CF00638D36 /* Products */,
			);
			sourceTree = "<group>";
		};
		27CDCC111A8BE1CF00638D36 /* Products */ = {
			isa = PBXGroup;
			children = (
				27CDCC101A8BE1CF00638D36 /* Favorites.app */,
				27CDCC291A8BE1CF00638D36 /* FavoritesTests.xctest */,
			);
			name = Products;
			sourceTree = "<group>";
		};
		27CDCC121A8BE1CF00638D36 /* Favorites */ = {
			isa = PBXGroup;
			children = (
				27CDCC171A8BE1CF00638D36 /* AppDelegate.h */,
				27CDCC181A8BE1CF00638D36 /* AppDelegate.m */,
				27CDCC1A1A8BE1CF00638D36 /* ViewController.h */,
				27CDCC1B1A8BE1CF00638D36 /* ViewController.m */,
				27CDCC391A8BE27C00638D36 /* Favorites.h */,
				27CDCC3A1A8BE27C00638D36 /* Favorites.m */,
				27CDCC1D1A8BE1CF00638D36 /* Main.storyboard */,
				27CDCC201A8BE1CF00638D36 /* Images.xcassets */,
				27CDCC221A8BE1CF00638D36 /* LaunchScreen.xib */,
				27CDCC131A8BE1CF00638D36 /* Supporting Files */,
			);
			path = Favorites;
			sourceTree = "<group>";
		};
		27CDCC131A8BE1CF00638D36 /* Supporting Files */ = {
			isa = PBXGroup;
			children = (
				27CDCC141A8BE1CF00638D36 /* Info.plist */,
				27CDCC151A8BE1CF00638D36 /* main.m */,
			);
			name = "Supporting Files";
			sourceTree = "<group>";
		};
		27CDCC2C1A8BE1CF00638D36 /* FavoritesTests */ = {
			isa = PBXGroup;
			children = (
				27CDCC2F1A8BE1CF00638D36 /* FavoritesTests.m */,
				27CDCC2D1A8BE1CF00638D36 /* Supporting Files */,
			);
			path = FavoritesTests;
			sourceTree = "<group>";
		};
		27CDCC2D1A8BE1CF00638D36 /* Supporting Files */ = {
			isa = PBXGroup;
			children = (
				27CDCC2E1A8BE1CF00638D36 /* Info.plist */,
			);
			name = "Supporting Files";
			sourceTree = "<group>";
		};
/* End PBXGroup section */

/* Begin PBXNativeTarget section */
		27CDCC0F1A8BE1CF00638D36 /* Favorites */ = {
			isa = PBXNativeTarget;
			buildConfigurationList = 27CDCC331A8BE1CF00638D36 /* Build configuration list for PBXNativeTarget "Favorites" */;
			buildPhases = (
				27CDCC0C1A8BE1CF00638D36 /* Sources */,
				27CDCC0D1A8BE1CF00638D36 /* Frameworks */,
				27CDCC0E1A8BE1CF00638D36 /* Resources */,
			);
			buildRules = (
			);
			dependencies = (
			);
			name = Favorites;
			productName = Favorites;
			productReference = 27CDCC101A8BE1CF00638D36 /* Favorites.app */;
			productType = "com.apple.product-type.application";
		};
		27CDCC281A8BE1CF00638D36 /* FavoritesTests */ = {
			isa = PBXNativeTarget;
			buildConfigurationList = 27CDCC361A8BE1CF00638D36 /* Build configuration list for PBXNativeTarget "FavoritesTests" */;
			buildPhases = (
				27CDCC251A8BE1CF00638D36 /* Sources */,
				27CDCC261A8BE1CF00638D36 /* Frameworks */,
				27CDCC271A8BE1CF00638D36 /* Resources */,
			);
			buildRules = (
			);
			dependencies = (
				27CDCC2B1A8BE1CF00638D36 /* PBXTargetDependency */,
			);
			name = FavoritesTests;
			productName = FavoritesTests;
			productReference = 27CDCC291A8BE1CF00638D36 /* FavoritesTests.xctest */;
			productType = "com.apple.product-type.bundle.unit-test";
		};
/* End PBXNativeTarget section */

/* Begin PBXProject section */
		27CDCC081A8BE1CF00638D36 /* Project object */ = {
			isa = PBXProject;
			attributes = {
				LastUpgradeCheck = 0610;
				ORGANIZATIONNAME = "Ethan Hess";
				TargetAttributes = {
					27CDCC0F1A8BE1CF00638D36 = {
						CreatedOnToolsVersion = 6.1.1;
					};
					27CDCC281A8BE1CF00638D36 = {
						CreatedOnToolsVersion = 6.1.1;
						TestTargetID = 27CDCC0F1A8BE1CF00638D36;
					};
				};
			};
			buildConfigurationList = 27CDCC0B1A8BE1CF00638D36 /* Build configuration list for PBXProject "Favorites" */;
			compatibilityVersion = "Xcode 3.2";
			developmentRegion = English;
			hasScannedForEncodings = 0;
			knownRegions = (
				en,
				Base,
			);
			mainGroup = 27CDCC071A8BE1CF00638D36;
			productRefGroup = 27CDCC111A8BE1CF00638D36 /* Products */;
			projectDirPath = "";
			projectRoot = "";
			targets = (
				27CDCC0F1A8BE1CF00638D36 /* Favorites */,
				27CDCC281A8BE1CF00638D36 /* FavoritesTests */,
			);
		};
/* End PBXProject section */

/* Begin PBXResourcesBuildPhase section */
		27CDCC0E1A8BE1CF00638D36 /* Resources */ = {
			isa = PBXResourcesBuildPhase;
			buildActionMask = 2147483647;
			files = (
				27CDCC1F1A8BE1CF00638D36 /* Main.storyboard in Resources */,
				27CDCC241A8BE1CF00638D36 /* LaunchScreen.xib in Resources */,
				27CDCC211A8BE1CF00638D36 /* Images.xcassets in Resources */,
			);
			runOnlyForDeploymentPostprocessing = 0;
		};
		27CDCC271A8BE1CF00638D36 /* Resources */ = {
			isa = PBXResourcesBuildPhase;
			buildActionMask = 2147483647;
			files = (
			);
			runOnlyForDeploymentPostprocessing = 0;
		};
/* End PBXResourcesBuildPhase section */

/* Begin PBXSourcesBuildPhase section */
		27CDCC0C1A8BE1CF00638D36 /* Sources */ = {
			isa = PBXSourcesBuildPhase;
			buildActionMask = 2147483647;
			files = (
				27CDCC1C1A8BE1CF00638D36 /* ViewController.m in Sources */,
				27CDCC3B1A8BE27C00638D36 /* Favorites.m in Sources */,
				27CDCC191A8BE1CF00638D36 /* AppDelegate.m in Sources */,
				27CDCC161A8BE1CF00638D36 /* main.m in Sources */,
			);
			runOnlyForDeploymentPostprocessing = 0;
		};
		27CDCC251A8BE1CF00638D36 /* Sources */ = {
			isa = PBXSourcesBuildPhase;
			buildActionMask = 2147483647;
			files = (
				27CDCC301A8BE1CF00638D36 /* FavoritesTests.m in Sources */,
			);
			runOnlyForDeploymentPostprocessing = 0;
		};
/* End PBXSourcesBuildPhase section */

/* Begin PBXTargetDependency section */
		27CDCC2B1A8BE1CF00638D36 /* PBXTargetDependency */ = {
			isa = PBXTargetDependency;
			target = 27CDCC0F1A8BE1CF00638D36 /* Favorites */;
			targetProxy = 27CDCC2A1A8BE1CF00638D36 /* PBXContainerItemProxy */;
		};
/* End PBXTargetDependency section */

/* Begin PBXVariantGroup section */
		27CDCC1D1A8BE1CF00638D36 /* Main.storyboard */ = {
			isa = PBXVariantGroup;
			children = (
				27CDCC1E1A8BE1CF00638D36 /* Base */,
			);
			name = Main.storyboard;
			sourceTree = "<group>";
		};
		27CDCC221A8BE1CF00638D36 /* LaunchScreen.xib */ = {
			isa = PBXVariantGroup;
			children = (
				27CDCC231A8BE1CF00638D36 /* Base */,
			);
			name = LaunchScreen.xib;
			sourceTree = "<group>";
		};
/* End PBXVariantGroup section */

/* Begin XCBuildConfiguration section */
		27CDCC311A8BE1CF00638D36 /* Debug */ = {
			isa = XCBuildConfiguration;
			buildSettings = {
				ALWAYS_SEARCH_USER_PATHS = NO;
				CLANG_CXX_LANGUAGE_STANDARD = "gnu++0x";
				CLANG_CXX_LIBRARY = "libc++";
				CLANG_ENABLE_MODULES = YES;
				CLANG_ENABLE_OBJC_ARC = YES;
				CLANG_WARN_BOOL_CONVERSION = YES;
				CLANG_WARN_CONSTANT_CONVERSION = YES;
				CLANG_WARN_DIRECT_OBJC_ISA_USAGE = YES_ERROR;
				CLANG_WARN_EMPTY_BODY = YES;
				CLANG_WARN_ENUM_CONVERSION = YES;
				CLANG_WARN_INT_CONVERSION = YES;
				CLANG_WARN_OBJC_ROOT_CLASS = YES_ERROR;
				CLANG_WARN_UNREACHABLE_CODE = YES;
				CLANG_WARN__DUPLICATE_METHOD_MATCH = YES;
				"CODE_SIGN_IDENTITY[sdk=iphoneos*]" = "iPhone Developer";
				COPY_PHASE_STRIP = NO;
				ENABLE_STRICT_OBJC_MSGSEND = YES;
				GCC_C_LANGUAGE_STANDARD = gnu99;
				GCC_DYNAMIC_NO_PIC = NO;
				GCC_OPTIMIZATION_LEVEL = 0;
				GCC_PREPROCESSOR_DEFINITIONS = (
					"DEBUG=1",
					"$(inherited)",
				);
				GCC_SYMBOLS_PRIVATE_EXTERN = NO;
				GCC_WARN_64_TO_32_BIT_CONVERSION = YES;
				GCC_WARN_ABOUT_RETURN_TYPE = YES_ERROR;
				GCC_WARN_UNDECLARED_SELECTOR = YES;
				GCC_WARN_UNINITIALIZED_AUTOS = YES_AGGRESSIVE;
				GCC_WARN_UNUSED_FUNCTION = YES;
				GCC_WARN_UNUSED_VARIABLE = YES;
				IPHONEOS_DEPLOYMENT_TARGET = 8.1;
				MTL_ENABLE_DEBUG_INFO = YES;
				ONLY_ACTIVE_ARCH = YES;
				SDKROOT = iphoneos;
				TARGETED_DEVICE_FAMILY = "1,2";
			};
			name = Debug;
		};
		27CDCC321A8BE1CF00638D36 /* Release */ = {
			isa = XCBuildConfiguration;
			buildSettings = {
				ALWAYS_SEARCH_USER_PATHS = NO;
				CLANG_CXX_LANGUAGE_STANDARD = "gnu++0x";
				CLANG_CXX_LIBRARY = "libc++";
				CLANG_ENABLE_MODULES = YES;
				CLANG_ENABLE_OBJC_ARC = YES;
				CLANG_WARN_BOOL_CONVERSION = YES;
				CLANG_WARN_CONSTANT_CONVERSION = YES;
				CLANG_WARN_DIRECT_OBJC_ISA_USAGE = YES_ERROR;
				CLANG_WARN_EMPTY_BODY = YES;
				CLANG_WARN_ENUM_CONVERSION = YES;
				CLANG_WARN_INT_CONVERSION = YES;
				CLANG_WARN_OBJC_ROOT_CLASS = YES_ERROR;
				CLANG_WARN_UNREACHABLE_CODE = YES;
				CLANG_WARN__DUPLICATE_METHOD_MATCH = YES;
				"CODE_SIGN_IDENTITY[sdk=iphoneos*]" = "iPhone Developer";
				COPY_PHASE_STRIP = YES;
				ENABLE_NS_ASSERTIONS = NO;
				ENABLE_STRICT_OBJC_MSGSEND = YES;
				GCC_C_LANGUAGE_STANDARD = gnu99;
				GCC_WARN_64_TO_32_BIT_CONVERSION = YES;
				GCC_WARN_ABOUT_RETURN_TYPE = YES_ERROR;
				GCC_WARN_UNDECLARED_SELECTOR = YES;
				GCC_WARN_UNINITIALIZED_AUTOS = YES_AGGRESSIVE;
				GCC_WARN_UNUSED_FUNCTION = YES;
				GCC_WARN_UNUSED_VARIABLE = YES;
				IPHONEOS_DEPLOYMENT_TARGET = 8.1;
				MTL_ENABLE_DEBUG_INFO = NO;
				SDKROOT = iphoneos;
				TARGETED_DEVICE_FAMILY = "1,2";
				VALIDATE_PRODUCT = YES;
			};
			name = Release;
		};
		27CDCC341A8BE1CF00638D36 /* Debug */ = {
			isa = XCBuildConfiguration;
			buildSettings = {
				ASSETCATALOG_COMPILER_APPICON_NAME = AppIcon;
				INFOPLIST_FILE = Favorites/Info.plist;
				LD_RUNPATH_SEARCH_PATHS = "$(inherited) @executable_path/Frameworks";
				PRODUCT_NAME = "$(TARGET_NAME)";
			};
			name = Debug;
		};
		27CDCC351A8BE1CF00638D36 /* Release */ = {
			isa = XCBuildConfiguration;
			buildSettings = {
				ASSETCATALOG_COMPILER_APPICON_NAME = AppIcon;
				INFOPLIST_FILE = Favorites/Info.plist;
				LD_RUNPATH_SEARCH_PATHS = "$(inherited) @executable_path/Frameworks";
				PRODUCT_NAME = "$(TARGET_NAME)";
			};
			name = Release;
		};
		27CDCC371A8BE1CF00638D36 /* Debug */ = {
			isa = XCBuildConfiguration;
			buildSettings = {
				BUNDLE_LOADER = "$(TEST_HOST)";
				FRAMEWORK_SEARCH_PATHS = (
					"$(SDKROOT)/Developer/Library/Frameworks",
					"$(inherited)",
				);
				GCC_PREPROCESSOR_DEFINITIONS = (
					"DEBUG=1",
					"$(inherited)",
				);
				INFOPLIST_FILE = FavoritesTests/Info.plist;
				LD_RUNPATH_SEARCH_PATHS = "$(inherited) @executable_path/Frameworks @loader_path/Frameworks";
				PRODUCT_NAME = "$(TARGET_NAME)";
				TEST_HOST = "$(BUILT_PRODUCTS_DIR)/Favorites.app/Favorites";
			};
			name = Debug;
		};
		27CDCC381A8BE1CF00638D36 /* Release */ = {
			isa = XCBuildConfiguration;
			buildSettings = {
				BUNDLE_LOADER = "$(TEST_HOST)";
				FRAMEWORK_SEARCH_PATHS = (
					"$(SDKROOT)/Developer/Library/Frameworks",
					"$(inherited)",
				);
				INFOPLIST_FILE = FavoritesTests/Info.plist;
				LD_RUNPATH_SEARCH_PATHS = "$(inherited) @executable_path/Frameworks @loader_path/Frameworks";
				PRODUCT_NAME = "$(TARGET_NAME)";
				TEST_HOST = "$(BUILT_PRODUCTS_DIR)/Favorites.app/Favorites";
			};
			name = Release;
		};
/* End XCBuildConfiguration section */

/* Begin XCConfigurationList section */
		27CDCC0B1A8BE1CF00638D36 /* Build configuration list for PBXProject "Favorites" */ = {
			isa = XCConfigurationList;
			buildConfigurations = (
				27CDCC311A8BE1CF00638D36 /* Debug */,
				27CDCC321A8BE1CF00638D36 /* Release */,
			);
			defaultConfigurationIsVisible = 0;
			defaultConfigurationName = Release;
		};
		27CDCC331A8BE1CF00638D36 /* Build configuration list for PBXNativeTarget "Favorites" */ = {
			isa = XCConfigurationList;
			buildConfigurations = (
				27CDCC341A8BE1CF00638D36 /* Debug */,
				27CDCC351A8BE1CF00638D36 /* Release */,
			);
			defaultConfigurationIsVisible = 0;
		};
		27CDCC361A8BE1CF00638D36 /* Build configuration list for PBXNativeTarget "FavoritesTests" */ = {
			isa = XCConfigurationList;
			buildConfigurations = (
				27CDCC371A8BE1CF00638D36 /* Debug */,
				27CDCC381A8BE1CF00638D36 /* Release */,
			);
			defaultConfigurationIsVisible = 0;
		};
/* End XCConfigurationList section */
	};
	rootObject = 27CDCC081A8BE1CF00638D36 /* Project object */;
}
