// !$*UTF8*$!
{
	archiveVersion = 1;
	classes = {
	};
	objectVersion = 46;
	objects = {

/* Begin PBXBuildFile section */
		27C8C9E41A8946420090DB9F /* main.m in Sources */ = {isa = PBXBuildFile; fileRef = 27C8C9E31A8946420090DB9F /* main.m */; };
		27C8C9E71A8946420090DB9F /* AppDelegate.m in Sources */ = {isa = PBXBuildFile; fileRef = 27C8C9E61A8946420090DB9F /* AppDelegate.m */; };
		27C8C9EA1A8946420090DB9F /* ViewController.m in Sources */ = {isa = PBXBuildFile; fileRef = 27C8C9E91A8946420090DB9F /* ViewController.m */; };
		27C8C9ED1A8946420090DB9F /* Main.storyboard in Resources */ = {isa = PBXBuildFile; fileRef = 27C8C9EB1A8946420090DB9F /* Main.storyboard */; };
		27C8C9EF1A8946420090DB9F /* Images.xcassets in Resources */ = {isa = PBXBuildFile; fileRef = 27C8C9EE1A8946420090DB9F /* Images.xcassets */; };
		27C8C9F21A8946420090DB9F /* LaunchScreen.xib in Resources */ = {isa = PBXBuildFile; fileRef = 27C8C9F01A8946420090DB9F /* LaunchScreen.xib */; };
		27C8C9FE1A8946420090DB9F /* BadLetterIITests.m in Sources */ = {isa = PBXBuildFile; fileRef = 27C8C9FD1A8946420090DB9F /* BadLetterIITests.m */; };
/* End PBXBuildFile section */

/* Begin PBXContainerItemProxy section */
		27C8C9F81A8946420090DB9F /* PBXContainerItemProxy */ = {
			isa = PBXContainerItemProxy;
			containerPortal = 27C8C9D61A8946420090DB9F /* Project object */;
			proxyType = 1;
			remoteGlobalIDString = 27C8C9DD1A8946420090DB9F;
			remoteInfo = BadLetterII;
		};
/* End PBXContainerItemProxy section */

/* Begin PBXFileReference section */
		27C8C9DE1A8946420090DB9F /* BadLetterII.app */ = {isa = PBXFileReference; explicitFileType = wrapper.application; includeInIndex = 0; path = BadLetterII.app; sourceTree = BUILT_PRODUCTS_DIR; };
		27C8C9E21A8946420090DB9F /* Info.plist */ = {isa = PBXFileReference; lastKnownFileType = text.plist.xml; path = Info.plist; sourceTree = "<group>"; };
		27C8C9E31A8946420090DB9F /* main.m */ = {isa = PBXFileReference; lastKnownFileType = sourcecode.c.objc; path = main.m; sourceTree = "<group>"; };
		27C8C9E51A8946420090DB9F /* AppDelegate.h */ = {isa = PBXFileReference; lastKnownFileType = sourcecode.c.h; path = AppDelegate.h; sourceTree = "<group>"; };
		27C8C9E61A8946420090DB9F /* AppDelegate.m */ = {isa = PBXFileReference; lastKnownFileType = sourcecode.c.objc; path = AppDelegate.m; sourceTree = "<group>"; };
		27C8C9E81A8946420090DB9F /* ViewController.h */ = {isa = PBXFileReference; lastKnownFileType = sourcecode.c.h; path = ViewController.h; sourceTree = "<group>"; };
		27C8C9E91A8946420090DB9F /* ViewController.m */ = {isa = PBXFileReference; lastKnownFileType = sourcecode.c.objc; path = ViewController.m; sourceTree = "<group>"; };
		27C8C9EC1A8946420090DB9F /* Base */ = {isa = PBXFileReference; lastKnownFileType = file.storyboard; name = Base; path = Base.lproj/Main.storyboard; sourceTree = "<group>"; };
		27C8C9EE1A8946420090DB9F /* Images.xcassets */ = {isa = PBXFileReference; lastKnownFileType = folder.assetcatalog; path = Images.xcassets; sourceTree = "<group>"; };
		27C8C9F11A8946420090DB9F /* Base */ = {isa = PBXFileReference; lastKnownFileType = file.xib; name = Base; path = Base.lproj/LaunchScreen.xib; sourceTree = "<group>"; };
		27C8C9F71A8946420090DB9F /* BadLetterIITests.xctest */ = {isa = PBXFileReference; explicitFileType = wrapper.cfbundle; includeInIndex = 0; path = BadLetterIITests.xctest; sourceTree = BUILT_PRODUCTS_DIR; };
		27C8C9FC1A8946420090DB9F /* Info.plist */ = {isa = PBXFileReference; lastKnownFileType = text.plist.xml; path = Info.plist; sourceTree = "<group>"; };
		27C8C9FD1A8946420090DB9F /* BadLetterIITests.m */ = {isa = PBXFileReference; lastKnownFileType = sourcecode.c.objc; path = BadLetterIITests.m; sourceTree = "<group>"; };
/* End PBXFileReference section */

/* Begin PBXFrameworksBuildPhase section */
		27C8C9DB1A8946420090DB9F /* Frameworks */ = {
			isa = PBXFrameworksBuildPhase;
			buildActionMask = 2147483647;
			files = (
			);
			runOnlyForDeploymentPostprocessing = 0;
		};
		27C8C9F41A8946420090DB9F /* Frameworks */ = {
			isa = PBXFrameworksBuildPhase;
			buildActionMask = 2147483647;
			files = (
			);
			runOnlyForDeploymentPostprocessing = 0;
		};
/* End PBXFrameworksBuildPhase section */

/* Begin PBXGroup section */
		27C8C9D51A8946420090DB9F = {
			isa = PBXGroup;
			children = (
				27C8C9E01A8946420090DB9F /* BadLetterII */,
				27C8C9FA1A8946420090DB9F /* BadLetterIITests */,
				27C8C9DF1A8946420090DB9F /* Products */,
			);
			sourceTree = "<group>";
		};
		27C8C9DF1A8946420090DB9F /* Products */ = {
			isa = PBXGroup;
			children = (
				27C8C9DE1A8946420090DB9F /* BadLetterII.app */,
				27C8C9F71A8946420090DB9F /* BadLetterIITests.xctest */,
			);
			name = Products;
			sourceTree = "<group>";
		};
		27C8C9E01A8946420090DB9F /* BadLetterII */ = {
			isa = PBXGroup;
			children = (
				27C8C9E51A8946420090DB9F /* AppDelegate.h */,
				27C8C9E61A8946420090DB9F /* AppDelegate.m */,
				27C8C9E81A8946420090DB9F /* ViewController.h */,
				27C8C9E91A8946420090DB9F /* ViewController.m */,
				27C8C9EB1A8946420090DB9F /* Main.storyboard */,
				27C8C9EE1A8946420090DB9F /* Images.xcassets */,
				27C8C9F01A8946420090DB9F /* LaunchScreen.xib */,
				27C8C9E11A8946420090DB9F /* Supporting Files */,
			);
			path = BadLetterII;
			sourceTree = "<group>";
		};
		27C8C9E11A8946420090DB9F /* Supporting Files */ = {
			isa = PBXGroup;
			children = (
				27C8C9E21A8946420090DB9F /* Info.plist */,
				27C8C9E31A8946420090DB9F /* main.m */,
			);
			name = "Supporting Files";
			sourceTree = "<group>";
		};
		27C8C9FA1A8946420090DB9F /* BadLetterIITests */ = {
			isa = PBXGroup;
			children = (
				27C8C9FD1A8946420090DB9F /* BadLetterIITests.m */,
				27C8C9FB1A8946420090DB9F /* Supporting Files */,
			);
			path = BadLetterIITests;
			sourceTree = "<group>";
		};
		27C8C9FB1A8946420090DB9F /* Supporting Files */ = {
			isa = PBXGroup;
			children = (
				27C8C9FC1A8946420090DB9F /* Info.plist */,
			);
			name = "Supporting Files";
			sourceTree = "<group>";
		};
/* End PBXGroup section */

/* Begin PBXNativeTarget section */
		27C8C9DD1A8946420090DB9F /* BadLetterII */ = {
			isa = PBXNativeTarget;
			buildConfigurationList = 27C8CA011A8946420090DB9F /* Build configuration list for PBXNativeTarget "BadLetterII" */;
			buildPhases = (
				27C8C9DA1A8946420090DB9F /* Sources */,
				27C8C9DB1A8946420090DB9F /* Frameworks */,
				27C8C9DC1A8946420090DB9F /* Resources */,
			);
			buildRules = (
			);
			dependencies = (
			);
			name = BadLetterII;
			productName = BadLetterII;
			productReference = 27C8C9DE1A8946420090DB9F /* BadLetterII.app */;
			productType = "com.apple.product-type.application";
		};
		27C8C9F61A8946420090DB9F /* BadLetterIITests */ = {
			isa = PBXNativeTarget;
			buildConfigurationList = 27C8CA041A8946420090DB9F /* Build configuration list for PBXNativeTarget "BadLetterIITests" */;
			buildPhases = (
				27C8C9F31A8946420090DB9F /* Sources */,
				27C8C9F41A8946420090DB9F /* Frameworks */,
				27C8C9F51A8946420090DB9F /* Resources */,
			);
			buildRules = (
			);
			dependencies = (
				27C8C9F91A8946420090DB9F /* PBXTargetDependency */,
			);
			name = BadLetterIITests;
			productName = BadLetterIITests;
			productReference = 27C8C9F71A8946420090DB9F /* BadLetterIITests.xctest */;
			productType = "com.apple.product-type.bundle.unit-test";
		};
/* End PBXNativeTarget section */

/* Begin PBXProject section */
		27C8C9D61A8946420090DB9F /* Project object */ = {
			isa = PBXProject;
			attributes = {
				LastUpgradeCheck = 0610;
				ORGANIZATIONNAME = "Ethan Hess";
				TargetAttributes = {
					27C8C9DD1A8946420090DB9F = {
						CreatedOnToolsVersion = 6.1.1;
					};
					27C8C9F61A8946420090DB9F = {
						CreatedOnToolsVersion = 6.1.1;
						TestTargetID = 27C8C9DD1A8946420090DB9F;
					};
				};
			};
			buildConfigurationList = 27C8C9D91A8946420090DB9F /* Build configuration list for PBXProject "BadLetterII" */;
			compatibilityVersion = "Xcode 3.2";
			developmentRegion = English;
			hasScannedForEncodings = 0;
			knownRegions = (
				en,
				Base,
			);
			mainGroup = 27C8C9D51A8946420090DB9F;
			productRefGroup = 27C8C9DF1A8946420090DB9F /* Products */;
			projectDirPath = "";
			projectRoot = "";
			targets = (
				27C8C9DD1A8946420090DB9F /* BadLetterII */,
				27C8C9F61A8946420090DB9F /* BadLetterIITests */,
			);
		};
/* End PBXProject section */

/* Begin PBXResourcesBuildPhase section */
		27C8C9DC1A8946420090DB9F /* Resources */ = {
			isa = PBXResourcesBuildPhase;
			buildActionMask = 2147483647;
			files = (
				27C8C9ED1A8946420090DB9F /* Main.storyboard in Resources */,
				27C8C9F21A8946420090DB9F /* LaunchScreen.xib in Resources */,
				27C8C9EF1A8946420090DB9F /* Images.xcassets in Resources */,
			);
			runOnlyForDeploymentPostprocessing = 0;
		};
		27C8C9F51A8946420090DB9F /* Resources */ = {
			isa = PBXResourcesBuildPhase;
			buildActionMask = 2147483647;
			files = (
			);
			runOnlyForDeploymentPostprocessing = 0;
		};
/* End PBXResourcesBuildPhase section */

/* Begin PBXSourcesBuildPhase section */
		27C8C9DA1A8946420090DB9F /* Sources */ = {
			isa = PBXSourcesBuildPhase;
			buildActionMask = 2147483647;
			files = (
				27C8C9EA1A8946420090DB9F /* ViewController.m in Sources */,
				27C8C9E71A8946420090DB9F /* AppDelegate.m in Sources */,
				27C8C9E41A8946420090DB9F /* main.m in Sources */,
			);
			runOnlyForDeploymentPostprocessing = 0;
		};
		27C8C9F31A8946420090DB9F /* Sources */ = {
			isa = PBXSourcesBuildPhase;
			buildActionMask = 2147483647;
			files = (
				27C8C9FE1A8946420090DB9F /* BadLetterIITests.m in Sources */,
			);
			runOnlyForDeploymentPostprocessing = 0;
		};
/* End PBXSourcesBuildPhase section */

/* Begin PBXTargetDependency section */
		27C8C9F91A8946420090DB9F /* PBXTargetDependency */ = {
			isa = PBXTargetDependency;
			target = 27C8C9DD1A8946420090DB9F /* BadLetterII */;
			targetProxy = 27C8C9F81A8946420090DB9F /* PBXContainerItemProxy */;
		};
/* End PBXTargetDependency section */

/* Begin PBXVariantGroup section */
		27C8C9EB1A8946420090DB9F /* Main.storyboard */ = {
			isa = PBXVariantGroup;
			children = (
				27C8C9EC1A8946420090DB9F /* Base */,
			);
			name = Main.storyboard;
			sourceTree = "<group>";
		};
		27C8C9F01A8946420090DB9F /* LaunchScreen.xib */ = {
			isa = PBXVariantGroup;
			children = (
				27C8C9F11A8946420090DB9F /* Base */,
			);
			name = LaunchScreen.xib;
			sourceTree = "<group>";
		};
/* End PBXVariantGroup section */

/* Begin XCBuildConfiguration section */
		27C8C9FF1A8946420090DB9F /* Debug */ = {
			isa = XCBuildConfiguration;
			buildSettings = {
				ALWAYS_SEARCH_USER_PATHS = NO;
				CLANG_CXX_LANGUAGE_STANDARD = "gnu++0x";
				CLANG_CXX_LIBRARY = "libc++";
				CLANG_ENABLE_MODULES = YES;
				CLANG_ENABLE_OBJC_ARC = YES;
				CLANG_WARN_BOOL_CONVERSION = YES;
				CLANG_WARN_CONSTANT_CONVERSION = YES;
				CLANG_WARN_DIRECT_OBJC_ISA_USAGE = YES_ERROR;
				CLANG_WARN_EMPTY_BODY = YES;
				CLANG_WARN_ENUM_CONVERSION = YES;
				CLANG_WARN_INT_CONVERSION = YES;
				CLANG_WARN_OBJC_ROOT_CLASS = YES_ERROR;
				CLANG_WARN_UNREACHABLE_CODE = YES;
				CLANG_WARN__DUPLICATE_METHOD_MATCH = YES;
				"CODE_SIGN_IDENTITY[sdk=iphoneos*]" = "iPhone Developer";
				COPY_PHASE_STRIP = NO;
				ENABLE_STRICT_OBJC_MSGSEND = YES;
				GCC_C_LANGUAGE_STANDARD = gnu99;
				GCC_DYNAMIC_NO_PIC = NO;
				GCC_OPTIMIZATION_LEVEL = 0;
				GCC_PREPROCESSOR_DEFINITIONS = (
					"DEBUG=1",
					"$(inherited)",
				);
				GCC_SYMBOLS_PRIVATE_EXTERN = NO;
				GCC_WARN_64_TO_32_BIT_CONVERSION = YES;
				GCC_WARN_ABOUT_RETURN_TYPE = YES_ERROR;
				GCC_WARN_UNDECLARED_SELECTOR = YES;
				GCC_WARN_UNINITIALIZED_AUTOS = YES_AGGRESSIVE;
				GCC_WARN_UNUSED_FUNCTION = YES;
				GCC_WARN_UNUSED_VARIABLE = YES;
				IPHONEOS_DEPLOYMENT_TARGET = 8.1;
				MTL_ENABLE_DEBUG_INFO = YES;
				ONLY_ACTIVE_ARCH = YES;
				SDKROOT = iphoneos;
				TARGETED_DEVICE_FAMILY = "1,2";
			};
			name = Debug;
		};
		27C8CA001A8946420090DB9F /* Release */ = {
			isa = XCBuildConfiguration;
			buildSettings = {
				ALWAYS_SEARCH_USER_PATHS = NO;
				CLANG_CXX_LANGUAGE_STANDARD = "gnu++0x";
				CLANG_CXX_LIBRARY = "libc++";
				CLANG_ENABLE_MODULES = YES;
				CLANG_ENABLE_OBJC_ARC = YES;
				CLANG_WARN_BOOL_CONVERSION = YES;
				CLANG_WARN_CONSTANT_CONVERSION = YES;
				CLANG_WARN_DIRECT_OBJC_ISA_USAGE = YES_ERROR;
				CLANG_WARN_EMPTY_BODY = YES;
				CLANG_WARN_ENUM_CONVERSION = YES;
				CLANG_WARN_INT_CONVERSION = YES;
				CLANG_WARN_OBJC_ROOT_CLASS = YES_ERROR;
				CLANG_WARN_UNREACHABLE_CODE = YES;
				CLANG_WARN__DUPLICATE_METHOD_MATCH = YES;
				"CODE_SIGN_IDENTITY[sdk=iphoneos*]" = "iPhone Developer";
				COPY_PHASE_STRIP = YES;
				ENABLE_NS_ASSERTIONS = NO;
				ENABLE_STRICT_OBJC_MSGSEND = YES;
				GCC_C_LANGUAGE_STANDARD = gnu99;
				GCC_WARN_64_TO_32_BIT_CONVERSION = YES;
				GCC_WARN_ABOUT_RETURN_TYPE = YES_ERROR;
				GCC_WARN_UNDECLARED_SELECTOR = YES;
				GCC_WARN_UNINITIALIZED_AUTOS = YES_AGGRESSIVE;
				GCC_WARN_UNUSED_FUNCTION = YES;
				GCC_WARN_UNUSED_VARIABLE = YES;
				IPHONEOS_DEPLOYMENT_TARGET = 8.1;
				MTL_ENABLE_DEBUG_INFO = NO;
				SDKROOT = iphoneos;
				TARGETED_DEVICE_FAMILY = "1,2";
				VALIDATE_PRODUCT = YES;
			};
			name = Release;
		};
		27C8CA021A8946420090DB9F /* Debug */ = {
			isa = XCBuildConfiguration;
			buildSettings = {
				ASSETCATALOG_COMPILER_APPICON_NAME = AppIcon;
				INFOPLIST_FILE = BadLetterII/Info.plist;
				LD_RUNPATH_SEARCH_PATHS = "$(inherited) @executable_path/Frameworks";
				PRODUCT_NAME = "$(TARGET_NAME)";
			};
			name = Debug;
		};
		27C8CA031A8946420090DB9F /* Release */ = {
			isa = XCBuildConfiguration;
			buildSettings = {
				ASSETCATALOG_COMPILER_APPICON_NAME = AppIcon;
				INFOPLIST_FILE = BadLetterII/Info.plist;
				LD_RUNPATH_SEARCH_PATHS = "$(inherited) @executable_path/Frameworks";
				PRODUCT_NAME = "$(TARGET_NAME)";
			};
			name = Release;
		};
		27C8CA051A8946420090DB9F /* Debug */ = {
			isa = XCBuildConfiguration;
			buildSettings = {
				BUNDLE_LOADER = "$(TEST_HOST)";
				FRAMEWORK_SEARCH_PATHS = (
					"$(SDKROOT)/Developer/Library/Frameworks",
					"$(inherited)",
				);
				GCC_PREPROCESSOR_DEFINITIONS = (
					"DEBUG=1",
					"$(inherited)",
				);
				INFOPLIST_FILE = BadLetterIITests/Info.plist;
				LD_RUNPATH_SEARCH_PATHS = "$(inherited) @executable_path/Frameworks @loader_path/Frameworks";
				PRODUCT_NAME = "$(TARGET_NAME)";
				TEST_HOST = "$(BUILT_PRODUCTS_DIR)/BadLetterII.app/BadLetterII";
			};
			name = Debug;
		};
		27C8CA061A8946420090DB9F /* Release */ = {
			isa = XCBuildConfiguration;
			buildSettings = {
				BUNDLE_LOADER = "$(TEST_HOST)";
				FRAMEWORK_SEARCH_PATHS = (
					"$(SDKROOT)/Developer/Library/Frameworks",
					"$(inherited)",
				);
				INFOPLIST_FILE = BadLetterIITests/Info.plist;
				LD_RUNPATH_SEARCH_PATHS = "$(inherited) @executable_path/Frameworks @loader_path/Frameworks";
				PRODUCT_NAME = "$(TARGET_NAME)";
				TEST_HOST = "$(BUILT_PRODUCTS_DIR)/BadLetterII.app/BadLetterII";
			};
			name = Release;
		};
/* End XCBuildConfiguration section */

/* Begin XCConfigurationList section */
		27C8C9D91A8946420090DB9F /* Build configuration list for PBXProject "BadLetterII" */ = {
			isa = XCConfigurationList;
			buildConfigurations = (
				27C8C9FF1A8946420090DB9F /* Debug */,
				27C8CA001A8946420090DB9F /* Release */,
			);
			defaultConfigurationIsVisible = 0;
			defaultConfigurationName = Release;
		};
		27C8CA011A8946420090DB9F /* Build configuration list for PBXNativeTarget "BadLetterII" */ = {
			isa = XCConfigurationList;
			buildConfigurations = (
				27C8CA021A8946420090DB9F /* Debug */,
				27C8CA031A8946420090DB9F /* Release */,
			);
			defaultConfigurationIsVisible = 0;
		};
		27C8CA041A8946420090DB9F /* Build configuration list for PBXNativeTarget "BadLetterIITests" */ = {
			isa = XCConfigurationList;
			buildConfigurations = (
				27C8CA051A8946420090DB9F /* Debug */,
				27C8CA061A8946420090DB9F /* Release */,
			);
			defaultConfigurationIsVisible = 0;
		};
/* End XCConfigurationList section */
	};
	rootObject = 27C8C9D61A8946420090DB9F /* Project object */;
}
